// !$*UTF8*$!
{
	archiveVersion = 1;
	classes = {
	};
	objectVersion = 55;
	objects = {

/* Begin PBXBuildFile section */
		7F02753228A5A2E9009536CF /* TemplatesView.swift in Sources */ = {isa = PBXBuildFile; fileRef = 7F02753128A5A2E9009536CF /* TemplatesView.swift */; };
		7F02753828A5A42E009536CF /* AddNewHeaderView.swift in Sources */ = {isa = PBXBuildFile; fileRef = 7F02753728A5A42E009536CF /* AddNewHeaderView.swift */; };
		7F02753A28A5A6B7009536CF /* TemplatesViewModel.swift in Sources */ = {isa = PBXBuildFile; fileRef = 7F02753928A5A6B7009536CF /* TemplatesViewModel.swift */; };
		7F02753D28A5A932009536CF /* TemplateGridView.swift in Sources */ = {isa = PBXBuildFile; fileRef = 7F02753C28A5A932009536CF /* TemplateGridView.swift */; };
		7F02754228A6B362009536CF /* ModifyExerciseView.swift in Sources */ = {isa = PBXBuildFile; fileRef = 7F02754128A6B362009536CF /* ModifyExerciseView.swift */; };
		7F02754428A6E968009536CF /* Exercise.swift in Sources */ = {isa = PBXBuildFile; fileRef = 7F02754328A6E968009536CF /* Exercise.swift */; };
		7F02754928A6ED2B009536CF /* FirebaseAuth in Frameworks */ = {isa = PBXBuildFile; productRef = 7F02754828A6ED2B009536CF /* FirebaseAuth */; };
		7F02754B28A6ED2B009536CF /* FirebaseFirestore in Frameworks */ = {isa = PBXBuildFile; productRef = 7F02754A28A6ED2B009536CF /* FirebaseFirestore */; };
		7F02754D28A6ED2B009536CF /* FirebaseFirestoreSwift in Frameworks */ = {isa = PBXBuildFile; productRef = 7F02754C28A6ED2B009536CF /* FirebaseFirestoreSwift */; };
		7F0E85FE2922CCD500D55272 /* SelectTemplateView.swift in Sources */ = {isa = PBXBuildFile; fileRef = 7F0E85FD2922CCD500D55272 /* SelectTemplateView.swift */; };
		7F0E86002922CD3000D55272 /* SelectTemplateViewModel.swift in Sources */ = {isa = PBXBuildFile; fileRef = 7F0E85FF2922CD3000D55272 /* SelectTemplateViewModel.swift */; };
		7F0E8F5E28A6F18100824BED /* GoogleService-Info.plist in Resources */ = {isa = PBXBuildFile; fileRef = 7F0E8F5D28A6F18100824BED /* GoogleService-Info.plist */; };
		7F0E8F6228A6F7A600824BED /* AuthViewModel.swift in Sources */ = {isa = PBXBuildFile; fileRef = 7F0E8F6128A6F7A600824BED /* AuthViewModel.swift */; };
		7F0E8F6428A6F98500824BED /* LoginView.swift in Sources */ = {isa = PBXBuildFile; fileRef = 7F0E8F6328A6F98500824BED /* LoginView.swift */; };
		7F0E8F6728A6F9BF00824BED /* AuthHeaderView.swift in Sources */ = {isa = PBXBuildFile; fileRef = 7F0E8F6628A6F9BF00824BED /* AuthHeaderView.swift */; };
		7F0E8F6B28A6FA8D00824BED /* CustomInputField.swift in Sources */ = {isa = PBXBuildFile; fileRef = 7F0E8F6A28A6FA8D00824BED /* CustomInputField.swift */; };
		7F0E8F6D28A7434700824BED /* UserService.swift in Sources */ = {isa = PBXBuildFile; fileRef = 7F0E8F6C28A7434700824BED /* UserService.swift */; };
		7F0E8F6F28A7439900824BED /* User.swift in Sources */ = {isa = PBXBuildFile; fileRef = 7F0E8F6E28A7439900824BED /* User.swift */; };
		7F0E8F7128A74BCF00824BED /* AuthCardView.swift in Sources */ = {isa = PBXBuildFile; fileRef = 7F0E8F7028A74BCF00824BED /* AuthCardView.swift */; };
		7F1E824928EF817900D240FD /* ExerciseResultRowView.swift in Sources */ = {isa = PBXBuildFile; fileRef = 7F1E824828EF817900D240FD /* ExerciseResultRowView.swift */; };
		7F2B9A43293A908A0089BFB5 /* DateIcon.swift in Sources */ = {isa = PBXBuildFile; fileRef = 7F2B9A42293A908A0089BFB5 /* DateIcon.swift */; };
		7F2B9A45293AB6E90089BFB5 /* DetailedPerformanceLineChart.swift in Sources */ = {isa = PBXBuildFile; fileRef = 7F2B9A44293AB6E90089BFB5 /* DetailedPerformanceLineChart.swift */; };
		7F2C7D4E28FDD2170039DEB5 /* Template.swift in Sources */ = {isa = PBXBuildFile; fileRef = 7F2C7D4D28FDD2170039DEB5 /* Template.swift */; };
		7F2C7D5028FDD35B0039DEB5 /* TemplateService.swift in Sources */ = {isa = PBXBuildFile; fileRef = 7F2C7D4F28FDD35B0039DEB5 /* TemplateService.swift */; };
		7F2C7D5528FDD5B50039DEB5 /* ModifyTemplateView.swift in Sources */ = {isa = PBXBuildFile; fileRef = 7F2C7D5428FDD5B50039DEB5 /* ModifyTemplateView.swift */; };
		7F2C7D5728FDD6B60039DEB5 /* ModifyTemplateViewModel.swift in Sources */ = {isa = PBXBuildFile; fileRef = 7F2C7D5628FDD6B60039DEB5 /* ModifyTemplateViewModel.swift */; };
		7F2C7D5E28FDE62A0039DEB5 /* SelectExerciseViewModel.swift in Sources */ = {isa = PBXBuildFile; fileRef = 7F2C7D5D28FDE62A0039DEB5 /* SelectExerciseViewModel.swift */; };
		7F43D9E828AEAED300069817 /* SelectExerciseView.swift in Sources */ = {isa = PBXBuildFile; fileRef = 7F43D9E728AEAED300069817 /* SelectExerciseView.swift */; };
		7F53D20E28F5E19000FFB09D /* InvertAppIcons.swift in Sources */ = {isa = PBXBuildFile; fileRef = 7F53D20D28F5E19000FFB09D /* InvertAppIcons.swift */; };
		7F53D21028F5E88700FFB09D /* ReorderableForEach.swift in Sources */ = {isa = PBXBuildFile; fileRef = 7F53D20F28F5E88700FFB09D /* ReorderableForEach.swift */; };
		7F53D21328F5E91000FFB09D /* DragRelocateDelegate.swift in Sources */ = {isa = PBXBuildFile; fileRef = 7F53D21228F5E91000FFB09D /* DragRelocateDelegate.swift */; };
		7F63BAC628E5E732005B6235 /* HistoryView.swift in Sources */ = {isa = PBXBuildFile; fileRef = 7F63BAC528E5E732005B6235 /* HistoryView.swift */; };
		7F7638A029367FBC006D7D14 /* Charts in Frameworks */ = {isa = PBXBuildFile; productRef = 7F76389F29367FBC006D7D14 /* Charts */; };
		7F7638A329368578006D7D14 /* SmallPerformanceLineChart.swift in Sources */ = {isa = PBXBuildFile; fileRef = 7F7638A229368578006D7D14 /* SmallPerformanceLineChart.swift */; };
		7F7638A929393999006D7D14 /* MockService.swift in Sources */ = {isa = PBXBuildFile; fileRef = 7F7638A829393999006D7D14 /* MockService.swift */; };
		7F7638AC293966E1006D7D14 /* PerformanceChartTileView.swift in Sources */ = {isa = PBXBuildFile; fileRef = 7F7638AB293966E1006D7D14 /* PerformanceChartTileView.swift */; };
		7F8FAC4A29426CA5001D511F /* ModifyObjectMode.swift in Sources */ = {isa = PBXBuildFile; fileRef = 7F8FAC4929426CA5001D511F /* ModifyObjectMode.swift */; };
		7F8FAC4C294276B4001D511F /* ResetPasswordView.swift in Sources */ = {isa = PBXBuildFile; fileRef = 7F8FAC4B294276B4001D511F /* ResetPasswordView.swift */; };
		7F9EFD18293C0399000FCB24 /* FullPerformanceChartView.swift in Sources */ = {isa = PBXBuildFile; fileRef = 7F9EFD17293C0399000FCB24 /* FullPerformanceChartView.swift */; };
		7FA3209128A3F8F30071D835 /* workout_trackerApp.swift in Sources */ = {isa = PBXBuildFile; fileRef = 7FA3209028A3F8F30071D835 /* workout_trackerApp.swift */; };
		7FA3209328A3F8F30071D835 /* ContentView.swift in Sources */ = {isa = PBXBuildFile; fileRef = 7FA3209228A3F8F30071D835 /* ContentView.swift */; };
		7FA3209528A3F8F30071D835 /* Assets.xcassets in Resources */ = {isa = PBXBuildFile; fileRef = 7FA3209428A3F8F30071D835 /* Assets.xcassets */; };
		7FA3209828A3F8F30071D835 /* Preview Assets.xcassets in Resources */ = {isa = PBXBuildFile; fileRef = 7FA3209728A3F8F30071D835 /* Preview Assets.xcassets */; };
		7FA320A228A3F8F40071D835 /* workout_trackerTests.swift in Sources */ = {isa = PBXBuildFile; fileRef = 7FA320A128A3F8F40071D835 /* workout_trackerTests.swift */; };
		7FA320AC28A3F8F40071D835 /* workout_trackerUITests.swift in Sources */ = {isa = PBXBuildFile; fileRef = 7FA320AB28A3F8F40071D835 /* workout_trackerUITests.swift */; };
		7FA320AE28A3F8F40071D835 /* workout_trackerUITestsLaunchTests.swift in Sources */ = {isa = PBXBuildFile; fileRef = 7FA320AD28A3F8F40071D835 /* workout_trackerUITestsLaunchTests.swift */; };
		7FA320C128A3FDA20071D835 /* MainTabView.swift in Sources */ = {isa = PBXBuildFile; fileRef = 7FA320C028A3FDA20071D835 /* MainTabView.swift */; };
		7FA320C628A3FE7F0071D835 /* ExercisesView.swift in Sources */ = {isa = PBXBuildFile; fileRef = 7FA320C528A3FE7F0071D835 /* ExercisesView.swift */; };
		7FA320CE28A544120071D835 /* PopUpMenuView.swift in Sources */ = {isa = PBXBuildFile; fileRef = 7FA320CD28A544120071D835 /* PopUpMenuView.swift */; };
		7FA320D028A548E70071D835 /* PopUpMenuViewModel.swift in Sources */ = {isa = PBXBuildFile; fileRef = 7FA320CF28A548E70071D835 /* PopUpMenuViewModel.swift */; };
		7FA320D228A551820071D835 /* SearchBar.swift in Sources */ = {isa = PBXBuildFile; fileRef = 7FA320D128A551820071D835 /* SearchBar.swift */; };
		7FA320D428A552DD0071D835 /* ExercisesViewModel.swift in Sources */ = {isa = PBXBuildFile; fileRef = 7FA320D328A552DD0071D835 /* ExercisesViewModel.swift */; };
		7FA320D928A5927D0071D835 /* ExerciseRowView.swift in Sources */ = {isa = PBXBuildFile; fileRef = 7FA320D828A5927D0071D835 /* ExerciseRowView.swift */; };
		7FA5480728EDE8E7009B1508 /* LoadingState.swift in Sources */ = {isa = PBXBuildFile; fileRef = 7FA5480628EDE8E7009B1508 /* LoadingState.swift */; };
		7FA5480A28EDEF9D009B1508 /* LoadingView.swift in Sources */ = {isa = PBXBuildFile; fileRef = 7FA5480928EDEF9D009B1508 /* LoadingView.swift */; };
		7FA5480C28EDF8A4009B1508 /* TabMenuIconView.swift in Sources */ = {isa = PBXBuildFile; fileRef = 7FA5480B28EDF8A4009B1508 /* TabMenuIconView.swift */; };
		7FA5480E28EDF916009B1508 /* TabIconView.swift in Sources */ = {isa = PBXBuildFile; fileRef = 7FA5480D28EDF916009B1508 /* TabIconView.swift */; };
		7FA5481028EDFE68009B1508 /* MainTabViewBodyView.swift in Sources */ = {isa = PBXBuildFile; fileRef = 7FA5480F28EDFE68009B1508 /* MainTabViewBodyView.swift */; };
		7FA5481428EE21F7009B1508 /* PreviousInstanceDataView.swift in Sources */ = {isa = PBXBuildFile; fileRef = 7FA5481328EE21F7009B1508 /* PreviousInstanceDataView.swift */; };
		7FA5481628EE35FD009B1508 /* HistoryByWorkoutView.swift in Sources */ = {isa = PBXBuildFile; fileRef = 7FA5481528EE35FD009B1508 /* HistoryByWorkoutView.swift */; };
		7FA5481828EE3796009B1508 /* HistoryByExerciseView.swift in Sources */ = {isa = PBXBuildFile; fileRef = 7FA5481728EE3796009B1508 /* HistoryByExerciseView.swift */; };
		7FA5481A28EE37A7009B1508 /* ExerciseHistoryViewModel.swift in Sources */ = {isa = PBXBuildFile; fileRef = 7FA5481928EE37A7009B1508 /* ExerciseHistoryViewModel.swift */; };
		7FA5481C28EE4854009B1508 /* ExerciseHistoryView.swift in Sources */ = {isa = PBXBuildFile; fileRef = 7FA5481B28EE4854009B1508 /* ExerciseHistoryView.swift */; };
		7FA56BFA28EB74AF00E977AC /* HeaderView.swift in Sources */ = {isa = PBXBuildFile; fileRef = 7FA56BF928EB74AF00E977AC /* HeaderView.swift */; };
		7FA56BFC28EB792900E977AC /* WorkoutRowView.swift in Sources */ = {isa = PBXBuildFile; fileRef = 7FA56BFB28EB792900E977AC /* WorkoutRowView.swift */; };
		7FA56BFE28EB7C7E00E977AC /* WorkoutHistoryViewModel.swift in Sources */ = {isa = PBXBuildFile; fileRef = 7FA56BFD28EB7C7E00E977AC /* WorkoutHistoryViewModel.swift */; };
		7FA56C0028EB829000E977AC /* WorkoutDetailsView.swift in Sources */ = {isa = PBXBuildFile; fileRef = 7FA56BFF28EB829000E977AC /* WorkoutDetailsView.swift */; };
		7FA56C0228EB85CC00E977AC /* WorkoutDetailsViewModel.swift in Sources */ = {isa = PBXBuildFile; fileRef = 7FA56C0128EB85CC00E977AC /* WorkoutDetailsViewModel.swift */; };
		7FA56C0428EB900200E977AC /* NavigationLazyView.swift in Sources */ = {isa = PBXBuildFile; fileRef = 7FA56C0328EB900200E977AC /* NavigationLazyView.swift */; };
		7FA56C0628EB9CEA00E977AC /* InstanceHistoryRowView.swift in Sources */ = {isa = PBXBuildFile; fileRef = 7FA56C0528EB9CEA00E977AC /* InstanceHistoryRowView.swift */; };
		7FA56C0D28ECBB3500E977AC /* SwiftfulLoadingIndicators in Frameworks */ = {isa = PBXBuildFile; productRef = 7FA56C0C28ECBB3500E977AC /* SwiftfulLoadingIndicators */; };
		7FA56C1128ECCC4F00E977AC /* WorkoutDetailsScrollView.swift in Sources */ = {isa = PBXBuildFile; fileRef = 7FA56C1028ECCC4F00E977AC /* WorkoutDetailsScrollView.swift */; };
		7FC0000F28ABEED900D484C6 /* TabBarViewModel.swift in Sources */ = {isa = PBXBuildFile; fileRef = 7FC0000E28ABEED900D484C6 /* TabBarViewModel.swift */; };
		7FC0001128ABFD0400D484C6 /* ExerciseService.swift in Sources */ = {isa = PBXBuildFile; fileRef = 7FC0001028ABFD0400D484C6 /* ExerciseService.swift */; };
		7FC0001328ABFFC200D484C6 /* ModifyExerciseViewModel.swift in Sources */ = {isa = PBXBuildFile; fileRef = 7FC0001228ABFFC200D484C6 /* ModifyExerciseViewModel.swift */; };
		7FC0001728AC0ADF00D484C6 /* SettingsView.swift in Sources */ = {isa = PBXBuildFile; fileRef = 7FC0001628AC0ADF00D484C6 /* SettingsView.swift */; };
		7FC0001C28AC11DA00D484C6 /* WorkoutView.swift in Sources */ = {isa = PBXBuildFile; fileRef = 7FC0001B28AC11DA00D484C6 /* WorkoutView.swift */; };
		7FC0002228AC307400D484C6 /* StopwatchManager.swift in Sources */ = {isa = PBXBuildFile; fileRef = 7FC0002128AC307400D484C6 /* StopwatchManager.swift */; };
		7FC0002428AC319300D484C6 /* TimerView.swift in Sources */ = {isa = PBXBuildFile; fileRef = 7FC0002328AC319300D484C6 /* TimerView.swift */; };
		7FC0002628AD4E3900D484C6 /* WorkoutViewModel.swift in Sources */ = {isa = PBXBuildFile; fileRef = 7FC0002528AD4E3900D484C6 /* WorkoutViewModel.swift */; };
		7FC0002828AD532400D484C6 /* ExerciseInstance.swift in Sources */ = {isa = PBXBuildFile; fileRef = 7FC0002728AD532400D484C6 /* ExerciseInstance.swift */; };
		7FC0002A28AD5D7800D484C6 /* ExerciseDisclosureGroupView.swift in Sources */ = {isa = PBXBuildFile; fileRef = 7FC0002928AD5D7800D484C6 /* ExerciseDisclosureGroupView.swift */; };
		7FC01A87295A5E4D002DAF24 /* RepsFormatter.swift in Sources */ = {isa = PBXBuildFile; fileRef = 7FC01A86295A5E4D002DAF24 /* RepsFormatter.swift */; };
		7FC01A89295B5DA6002DAF24 /* AccessibilityStack.swift in Sources */ = {isa = PBXBuildFile; fileRef = 7FC01A88295B5DA6002DAF24 /* AccessibilityStack.swift */; };
		7FD12AAC28EE627D0039F138 /* ExerciseResultsViewModel.swift in Sources */ = {isa = PBXBuildFile; fileRef = 7FD12AAB28EE627D0039F138 /* ExerciseResultsViewModel.swift */; };
		7FDA16F3293E70BC00FCFC04 /* CustomDateFormatter.swift in Sources */ = {isa = PBXBuildFile; fileRef = 7FDA16F2293E70BC00FCFC04 /* CustomDateFormatter.swift */; };
		7FDA16F6293E731200FCFC04 /* WeightFormatter.swift in Sources */ = {isa = PBXBuildFile; fileRef = 7FDA16F5293E731200FCFC04 /* WeightFormatter.swift */; };
		7FDA16F8293E73F400FCFC04 /* TimeFormatter.swift in Sources */ = {isa = PBXBuildFile; fileRef = 7FDA16F7293E73F400FCFC04 /* TimeFormatter.swift */; };
		7FDA16FA293E939F00FCFC04 /* WeightIcon.swift in Sources */ = {isa = PBXBuildFile; fileRef = 7FDA16F9293E939F00FCFC04 /* WeightIcon.swift */; };
		7FDA1700293EAF8F00FCFC04 /* TrapezoidShapes in Frameworks */ = {isa = PBXBuildFile; productRef = 7FDA16FF293EAF8F00FCFC04 /* TrapezoidShapes */; };
		7FDA1702293EEDCD00FCFC04 /* DataFieldIcons.swift in Sources */ = {isa = PBXBuildFile; fileRef = 7FDA1701293EEDCD00FCFC04 /* DataFieldIcons.swift */; };
		7FDA1704294044B400FCFC04 /* WorkoutHistoryItem.swift in Sources */ = {isa = PBXBuildFile; fileRef = 7FDA1703294044B400FCFC04 /* WorkoutHistoryItem.swift */; };
		7FDED69728DB81E0001BF503 /* WorkoutService.swift in Sources */ = {isa = PBXBuildFile; fileRef = 7FDED69628DB81E0001BF503 /* WorkoutService.swift */; };
		7FDED69928DB8249001BF503 /* Workout.swift in Sources */ = {isa = PBXBuildFile; fileRef = 7FDED69828DB8249001BF503 /* Workout.swift */; };
		7FDED69B28DB8523001BF503 /* ExerciseInstanceService.swift in Sources */ = {isa = PBXBuildFile; fileRef = 7FDED69A28DB8523001BF503 /* ExerciseInstanceService.swift */; };
/* End PBXBuildFile section */

/* Begin PBXContainerItemProxy section */
		7FA3209E28A3F8F40071D835 /* PBXContainerItemProxy */ = {
			isa = PBXContainerItemProxy;
			containerPortal = 7FA3208528A3F8F30071D835 /* Project object */;
			proxyType = 1;
			remoteGlobalIDString = 7FA3208C28A3F8F30071D835;
			remoteInfo = workout_tracker;
		};
		7FA320A828A3F8F40071D835 /* PBXContainerItemProxy */ = {
			isa = PBXContainerItemProxy;
			containerPortal = 7FA3208528A3F8F30071D835 /* Project object */;
			proxyType = 1;
			remoteGlobalIDString = 7FA3208C28A3F8F30071D835;
			remoteInfo = workout_tracker;
		};
/* End PBXContainerItemProxy section */

/* Begin PBXFileReference section */
		7F02753128A5A2E9009536CF /* TemplatesView.swift */ = {isa = PBXFileReference; lastKnownFileType = sourcecode.swift; path = TemplatesView.swift; sourceTree = "<group>"; };
		7F02753728A5A42E009536CF /* AddNewHeaderView.swift */ = {isa = PBXFileReference; lastKnownFileType = sourcecode.swift; path = AddNewHeaderView.swift; sourceTree = "<group>"; };
		7F02753928A5A6B7009536CF /* TemplatesViewModel.swift */ = {isa = PBXFileReference; lastKnownFileType = sourcecode.swift; path = TemplatesViewModel.swift; sourceTree = "<group>"; };
		7F02753C28A5A932009536CF /* TemplateGridView.swift */ = {isa = PBXFileReference; lastKnownFileType = sourcecode.swift; path = TemplateGridView.swift; sourceTree = "<group>"; };
		7F02754128A6B362009536CF /* ModifyExerciseView.swift */ = {isa = PBXFileReference; lastKnownFileType = sourcecode.swift; path = ModifyExerciseView.swift; sourceTree = "<group>"; };
		7F02754328A6E968009536CF /* Exercise.swift */ = {isa = PBXFileReference; lastKnownFileType = sourcecode.swift; path = Exercise.swift; sourceTree = "<group>"; };
		7F0E85FD2922CCD500D55272 /* SelectTemplateView.swift */ = {isa = PBXFileReference; lastKnownFileType = sourcecode.swift; path = SelectTemplateView.swift; sourceTree = "<group>"; };
		7F0E85FF2922CD3000D55272 /* SelectTemplateViewModel.swift */ = {isa = PBXFileReference; lastKnownFileType = sourcecode.swift; path = SelectTemplateViewModel.swift; sourceTree = "<group>"; };
		7F0E8F5D28A6F18100824BED /* GoogleService-Info.plist */ = {isa = PBXFileReference; lastKnownFileType = text.plist; path = "GoogleService-Info.plist"; sourceTree = SOURCE_ROOT; };
		7F0E8F6128A6F7A600824BED /* AuthViewModel.swift */ = {isa = PBXFileReference; lastKnownFileType = sourcecode.swift; path = AuthViewModel.swift; sourceTree = "<group>"; };
		7F0E8F6328A6F98500824BED /* LoginView.swift */ = {isa = PBXFileReference; lastKnownFileType = sourcecode.swift; path = LoginView.swift; sourceTree = "<group>"; };
		7F0E8F6628A6F9BF00824BED /* AuthHeaderView.swift */ = {isa = PBXFileReference; lastKnownFileType = sourcecode.swift; path = AuthHeaderView.swift; sourceTree = "<group>"; };
		7F0E8F6A28A6FA8D00824BED /* CustomInputField.swift */ = {isa = PBXFileReference; lastKnownFileType = sourcecode.swift; path = CustomInputField.swift; sourceTree = "<group>"; };
		7F0E8F6C28A7434700824BED /* UserService.swift */ = {isa = PBXFileReference; lastKnownFileType = sourcecode.swift; path = UserService.swift; sourceTree = "<group>"; };
		7F0E8F6E28A7439900824BED /* User.swift */ = {isa = PBXFileReference; lastKnownFileType = sourcecode.swift; path = User.swift; sourceTree = "<group>"; };
		7F0E8F7028A74BCF00824BED /* AuthCardView.swift */ = {isa = PBXFileReference; lastKnownFileType = sourcecode.swift; path = AuthCardView.swift; sourceTree = "<group>"; };
		7F1E824828EF817900D240FD /* ExerciseResultRowView.swift */ = {isa = PBXFileReference; lastKnownFileType = sourcecode.swift; path = ExerciseResultRowView.swift; sourceTree = "<group>"; };
		7F2B9A42293A908A0089BFB5 /* DateIcon.swift */ = {isa = PBXFileReference; lastKnownFileType = sourcecode.swift; path = DateIcon.swift; sourceTree = "<group>"; };
		7F2B9A44293AB6E90089BFB5 /* DetailedPerformanceLineChart.swift */ = {isa = PBXFileReference; lastKnownFileType = sourcecode.swift; path = DetailedPerformanceLineChart.swift; sourceTree = "<group>"; };
		7F2C7D4D28FDD2170039DEB5 /* Template.swift */ = {isa = PBXFileReference; lastKnownFileType = sourcecode.swift; path = Template.swift; sourceTree = "<group>"; };
		7F2C7D4F28FDD35B0039DEB5 /* TemplateService.swift */ = {isa = PBXFileReference; lastKnownFileType = sourcecode.swift; path = TemplateService.swift; sourceTree = "<group>"; };
		7F2C7D5428FDD5B50039DEB5 /* ModifyTemplateView.swift */ = {isa = PBXFileReference; lastKnownFileType = sourcecode.swift; path = ModifyTemplateView.swift; sourceTree = "<group>"; };
		7F2C7D5628FDD6B60039DEB5 /* ModifyTemplateViewModel.swift */ = {isa = PBXFileReference; lastKnownFileType = sourcecode.swift; path = ModifyTemplateViewModel.swift; sourceTree = "<group>"; };
		7F2C7D5D28FDE62A0039DEB5 /* SelectExerciseViewModel.swift */ = {isa = PBXFileReference; lastKnownFileType = sourcecode.swift; path = SelectExerciseViewModel.swift; sourceTree = "<group>"; };
		7F43D9E728AEAED300069817 /* SelectExerciseView.swift */ = {isa = PBXFileReference; lastKnownFileType = sourcecode.swift; path = SelectExerciseView.swift; sourceTree = "<group>"; };
		7F53D20D28F5E19000FFB09D /* InvertAppIcons.swift */ = {isa = PBXFileReference; lastKnownFileType = sourcecode.swift; path = InvertAppIcons.swift; sourceTree = "<group>"; };
		7F53D20F28F5E88700FFB09D /* ReorderableForEach.swift */ = {isa = PBXFileReference; lastKnownFileType = sourcecode.swift; path = ReorderableForEach.swift; sourceTree = "<group>"; };
		7F53D21228F5E91000FFB09D /* DragRelocateDelegate.swift */ = {isa = PBXFileReference; lastKnownFileType = sourcecode.swift; path = DragRelocateDelegate.swift; sourceTree = "<group>"; };
		7F63BAC528E5E732005B6235 /* HistoryView.swift */ = {isa = PBXFileReference; lastKnownFileType = sourcecode.swift; path = HistoryView.swift; sourceTree = "<group>"; };
		7F7638A229368578006D7D14 /* SmallPerformanceLineChart.swift */ = {isa = PBXFileReference; lastKnownFileType = sourcecode.swift; path = SmallPerformanceLineChart.swift; sourceTree = "<group>"; };
		7F7638A829393999006D7D14 /* MockService.swift */ = {isa = PBXFileReference; lastKnownFileType = sourcecode.swift; path = MockService.swift; sourceTree = "<group>"; };
		7F7638AB293966E1006D7D14 /* PerformanceChartTileView.swift */ = {isa = PBXFileReference; lastKnownFileType = sourcecode.swift; path = PerformanceChartTileView.swift; sourceTree = "<group>"; };
		7F8FAC4929426CA5001D511F /* ModifyObjectMode.swift */ = {isa = PBXFileReference; lastKnownFileType = sourcecode.swift; path = ModifyObjectMode.swift; sourceTree = "<group>"; };
		7F8FAC4B294276B4001D511F /* ResetPasswordView.swift */ = {isa = PBXFileReference; lastKnownFileType = sourcecode.swift; path = ResetPasswordView.swift; sourceTree = "<group>"; };
		7F9EFD17293C0399000FCB24 /* FullPerformanceChartView.swift */ = {isa = PBXFileReference; lastKnownFileType = sourcecode.swift; path = FullPerformanceChartView.swift; sourceTree = "<group>"; };
		7FA3208D28A3F8F30071D835 /* Workout Tracker.app */ = {isa = PBXFileReference; explicitFileType = wrapper.application; includeInIndex = 0; path = "Workout Tracker.app"; sourceTree = BUILT_PRODUCTS_DIR; };
		7FA3209028A3F8F30071D835 /* workout_trackerApp.swift */ = {isa = PBXFileReference; lastKnownFileType = sourcecode.swift; path = workout_trackerApp.swift; sourceTree = "<group>"; };
		7FA3209228A3F8F30071D835 /* ContentView.swift */ = {isa = PBXFileReference; lastKnownFileType = sourcecode.swift; path = ContentView.swift; sourceTree = "<group>"; };
		7FA3209428A3F8F30071D835 /* Assets.xcassets */ = {isa = PBXFileReference; lastKnownFileType = folder.assetcatalog; path = Assets.xcassets; sourceTree = "<group>"; };
		7FA3209728A3F8F30071D835 /* Preview Assets.xcassets */ = {isa = PBXFileReference; lastKnownFileType = folder.assetcatalog; path = "Preview Assets.xcassets"; sourceTree = "<group>"; };
		7FA3209D28A3F8F40071D835 /* workout_trackerTests.xctest */ = {isa = PBXFileReference; explicitFileType = wrapper.cfbundle; includeInIndex = 0; path = workout_trackerTests.xctest; sourceTree = BUILT_PRODUCTS_DIR; };
		7FA320A128A3F8F40071D835 /* workout_trackerTests.swift */ = {isa = PBXFileReference; lastKnownFileType = sourcecode.swift; path = workout_trackerTests.swift; sourceTree = "<group>"; };
		7FA320A728A3F8F40071D835 /* workout_trackerUITests.xctest */ = {isa = PBXFileReference; explicitFileType = wrapper.cfbundle; includeInIndex = 0; path = workout_trackerUITests.xctest; sourceTree = BUILT_PRODUCTS_DIR; };
		7FA320AB28A3F8F40071D835 /* workout_trackerUITests.swift */ = {isa = PBXFileReference; lastKnownFileType = sourcecode.swift; path = workout_trackerUITests.swift; sourceTree = "<group>"; };
		7FA320AD28A3F8F40071D835 /* workout_trackerUITestsLaunchTests.swift */ = {isa = PBXFileReference; lastKnownFileType = sourcecode.swift; path = workout_trackerUITestsLaunchTests.swift; sourceTree = "<group>"; };
		7FA320C028A3FDA20071D835 /* MainTabView.swift */ = {isa = PBXFileReference; lastKnownFileType = sourcecode.swift; path = MainTabView.swift; sourceTree = "<group>"; };
		7FA320C528A3FE7F0071D835 /* ExercisesView.swift */ = {isa = PBXFileReference; lastKnownFileType = sourcecode.swift; path = ExercisesView.swift; sourceTree = "<group>"; };
		7FA320CD28A544120071D835 /* PopUpMenuView.swift */ = {isa = PBXFileReference; lastKnownFileType = sourcecode.swift; path = PopUpMenuView.swift; sourceTree = "<group>"; };
		7FA320CF28A548E70071D835 /* PopUpMenuViewModel.swift */ = {isa = PBXFileReference; lastKnownFileType = sourcecode.swift; path = PopUpMenuViewModel.swift; sourceTree = "<group>"; };
		7FA320D128A551820071D835 /* SearchBar.swift */ = {isa = PBXFileReference; lastKnownFileType = sourcecode.swift; path = SearchBar.swift; sourceTree = "<group>"; };
		7FA320D328A552DD0071D835 /* ExercisesViewModel.swift */ = {isa = PBXFileReference; lastKnownFileType = sourcecode.swift; path = ExercisesViewModel.swift; sourceTree = "<group>"; };
		7FA320D828A5927D0071D835 /* ExerciseRowView.swift */ = {isa = PBXFileReference; lastKnownFileType = sourcecode.swift; path = ExerciseRowView.swift; sourceTree = "<group>"; };
		7FA5480628EDE8E7009B1508 /* LoadingState.swift */ = {isa = PBXFileReference; lastKnownFileType = sourcecode.swift; path = LoadingState.swift; sourceTree = "<group>"; };
		7FA5480928EDEF9D009B1508 /* LoadingView.swift */ = {isa = PBXFileReference; lastKnownFileType = sourcecode.swift; path = LoadingView.swift; sourceTree = "<group>"; };
		7FA5480B28EDF8A4009B1508 /* TabMenuIconView.swift */ = {isa = PBXFileReference; lastKnownFileType = sourcecode.swift; path = TabMenuIconView.swift; sourceTree = "<group>"; };
		7FA5480D28EDF916009B1508 /* TabIconView.swift */ = {isa = PBXFileReference; lastKnownFileType = sourcecode.swift; path = TabIconView.swift; sourceTree = "<group>"; };
		7FA5480F28EDFE68009B1508 /* MainTabViewBodyView.swift */ = {isa = PBXFileReference; lastKnownFileType = sourcecode.swift; path = MainTabViewBodyView.swift; sourceTree = "<group>"; };
		7FA5481328EE21F7009B1508 /* PreviousInstanceDataView.swift */ = {isa = PBXFileReference; lastKnownFileType = sourcecode.swift; path = PreviousInstanceDataView.swift; sourceTree = "<group>"; };
		7FA5481528EE35FD009B1508 /* HistoryByWorkoutView.swift */ = {isa = PBXFileReference; lastKnownFileType = sourcecode.swift; path = HistoryByWorkoutView.swift; sourceTree = "<group>"; };
		7FA5481728EE3796009B1508 /* HistoryByExerciseView.swift */ = {isa = PBXFileReference; lastKnownFileType = sourcecode.swift; path = HistoryByExerciseView.swift; sourceTree = "<group>"; };
		7FA5481928EE37A7009B1508 /* ExerciseHistoryViewModel.swift */ = {isa = PBXFileReference; lastKnownFileType = sourcecode.swift; path = ExerciseHistoryViewModel.swift; sourceTree = "<group>"; };
		7FA5481B28EE4854009B1508 /* ExerciseHistoryView.swift */ = {isa = PBXFileReference; lastKnownFileType = sourcecode.swift; path = ExerciseHistoryView.swift; sourceTree = "<group>"; };
		7FA56BF928EB74AF00E977AC /* HeaderView.swift */ = {isa = PBXFileReference; lastKnownFileType = sourcecode.swift; path = HeaderView.swift; sourceTree = "<group>"; };
		7FA56BFB28EB792900E977AC /* WorkoutRowView.swift */ = {isa = PBXFileReference; lastKnownFileType = sourcecode.swift; path = WorkoutRowView.swift; sourceTree = "<group>"; };
		7FA56BFD28EB7C7E00E977AC /* WorkoutHistoryViewModel.swift */ = {isa = PBXFileReference; lastKnownFileType = sourcecode.swift; path = WorkoutHistoryViewModel.swift; sourceTree = "<group>"; };
		7FA56BFF28EB829000E977AC /* WorkoutDetailsView.swift */ = {isa = PBXFileReference; lastKnownFileType = sourcecode.swift; path = WorkoutDetailsView.swift; sourceTree = "<group>"; };
		7FA56C0128EB85CC00E977AC /* WorkoutDetailsViewModel.swift */ = {isa = PBXFileReference; lastKnownFileType = sourcecode.swift; path = WorkoutDetailsViewModel.swift; sourceTree = "<group>"; };
		7FA56C0328EB900200E977AC /* NavigationLazyView.swift */ = {isa = PBXFileReference; lastKnownFileType = sourcecode.swift; path = NavigationLazyView.swift; sourceTree = "<group>"; };
		7FA56C0528EB9CEA00E977AC /* InstanceHistoryRowView.swift */ = {isa = PBXFileReference; lastKnownFileType = sourcecode.swift; path = InstanceHistoryRowView.swift; sourceTree = "<group>"; };
		7FA56C1028ECCC4F00E977AC /* WorkoutDetailsScrollView.swift */ = {isa = PBXFileReference; lastKnownFileType = sourcecode.swift; path = WorkoutDetailsScrollView.swift; sourceTree = "<group>"; };
		7FC0000E28ABEED900D484C6 /* TabBarViewModel.swift */ = {isa = PBXFileReference; lastKnownFileType = sourcecode.swift; path = TabBarViewModel.swift; sourceTree = "<group>"; };
		7FC0001028ABFD0400D484C6 /* ExerciseService.swift */ = {isa = PBXFileReference; lastKnownFileType = sourcecode.swift; path = ExerciseService.swift; sourceTree = "<group>"; };
		7FC0001228ABFFC200D484C6 /* ModifyExerciseViewModel.swift */ = {isa = PBXFileReference; lastKnownFileType = sourcecode.swift; path = ModifyExerciseViewModel.swift; sourceTree = "<group>"; };
		7FC0001628AC0ADF00D484C6 /* SettingsView.swift */ = {isa = PBXFileReference; lastKnownFileType = sourcecode.swift; path = SettingsView.swift; sourceTree = "<group>"; };
		7FC0001B28AC11DA00D484C6 /* WorkoutView.swift */ = {isa = PBXFileReference; lastKnownFileType = sourcecode.swift; path = WorkoutView.swift; sourceTree = "<group>"; };
		7FC0002128AC307400D484C6 /* StopwatchManager.swift */ = {isa = PBXFileReference; lastKnownFileType = sourcecode.swift; path = StopwatchManager.swift; sourceTree = "<group>"; };
		7FC0002328AC319300D484C6 /* TimerView.swift */ = {isa = PBXFileReference; lastKnownFileType = sourcecode.swift; path = TimerView.swift; sourceTree = "<group>"; };
		7FC0002528AD4E3900D484C6 /* WorkoutViewModel.swift */ = {isa = PBXFileReference; lastKnownFileType = sourcecode.swift; path = WorkoutViewModel.swift; sourceTree = "<group>"; };
		7FC0002728AD532400D484C6 /* ExerciseInstance.swift */ = {isa = PBXFileReference; lastKnownFileType = sourcecode.swift; path = ExerciseInstance.swift; sourceTree = "<group>"; };
		7FC0002928AD5D7800D484C6 /* ExerciseDisclosureGroupView.swift */ = {isa = PBXFileReference; lastKnownFileType = sourcecode.swift; path = ExerciseDisclosureGroupView.swift; sourceTree = "<group>"; };
		7FC01A86295A5E4D002DAF24 /* RepsFormatter.swift */ = {isa = PBXFileReference; lastKnownFileType = sourcecode.swift; path = RepsFormatter.swift; sourceTree = "<group>"; };
		7FC01A88295B5DA6002DAF24 /* AccessibilityStack.swift */ = {isa = PBXFileReference; lastKnownFileType = sourcecode.swift; path = AccessibilityStack.swift; sourceTree = "<group>"; };
		7FD12AAB28EE627D0039F138 /* ExerciseResultsViewModel.swift */ = {isa = PBXFileReference; lastKnownFileType = sourcecode.swift; path = ExerciseResultsViewModel.swift; sourceTree = "<group>"; };
		7FDA16F2293E70BC00FCFC04 /* CustomDateFormatter.swift */ = {isa = PBXFileReference; lastKnownFileType = sourcecode.swift; path = CustomDateFormatter.swift; sourceTree = "<group>"; };
		7FDA16F5293E731200FCFC04 /* WeightFormatter.swift */ = {isa = PBXFileReference; lastKnownFileType = sourcecode.swift; path = WeightFormatter.swift; sourceTree = "<group>"; };
		7FDA16F7293E73F400FCFC04 /* TimeFormatter.swift */ = {isa = PBXFileReference; lastKnownFileType = sourcecode.swift; path = TimeFormatter.swift; sourceTree = "<group>"; };
		7FDA16F9293E939F00FCFC04 /* WeightIcon.swift */ = {isa = PBXFileReference; lastKnownFileType = sourcecode.swift; path = WeightIcon.swift; sourceTree = "<group>"; };
		7FDA1701293EEDCD00FCFC04 /* DataFieldIcons.swift */ = {isa = PBXFileReference; lastKnownFileType = sourcecode.swift; path = DataFieldIcons.swift; sourceTree = "<group>"; };
		7FDA1703294044B400FCFC04 /* WorkoutHistoryItem.swift */ = {isa = PBXFileReference; lastKnownFileType = sourcecode.swift; path = WorkoutHistoryItem.swift; sourceTree = "<group>"; };
		7FDED69628DB81E0001BF503 /* WorkoutService.swift */ = {isa = PBXFileReference; lastKnownFileType = sourcecode.swift; path = WorkoutService.swift; sourceTree = "<group>"; };
		7FDED69828DB8249001BF503 /* Workout.swift */ = {isa = PBXFileReference; lastKnownFileType = sourcecode.swift; path = Workout.swift; sourceTree = "<group>"; };
		7FDED69A28DB8523001BF503 /* ExerciseInstanceService.swift */ = {isa = PBXFileReference; lastKnownFileType = sourcecode.swift; path = ExerciseInstanceService.swift; sourceTree = "<group>"; };
/* End PBXFileReference section */

/* Begin PBXFrameworksBuildPhase section */
		7FA3208A28A3F8F30071D835 /* Frameworks */ = {
			isa = PBXFrameworksBuildPhase;
			buildActionMask = 2147483647;
			files = (
				7F7638A029367FBC006D7D14 /* Charts in Frameworks */,
				7F02754928A6ED2B009536CF /* FirebaseAuth in Frameworks */,
				7F02754B28A6ED2B009536CF /* FirebaseFirestore in Frameworks */,
				7F02754D28A6ED2B009536CF /* FirebaseFirestoreSwift in Frameworks */,
				7FA56C0D28ECBB3500E977AC /* SwiftfulLoadingIndicators in Frameworks */,
				7FDA1700293EAF8F00FCFC04 /* TrapezoidShapes in Frameworks */,
			);
			runOnlyForDeploymentPostprocessing = 0;
		};
		7FA3209A28A3F8F40071D835 /* Frameworks */ = {
			isa = PBXFrameworksBuildPhase;
			buildActionMask = 2147483647;
			files = (
			);
			runOnlyForDeploymentPostprocessing = 0;
		};
		7FA320A428A3F8F40071D835 /* Frameworks */ = {
			isa = PBXFrameworksBuildPhase;
			buildActionMask = 2147483647;
			files = (
			);
			runOnlyForDeploymentPostprocessing = 0;
		};
/* End PBXFrameworksBuildPhase section */

/* Begin PBXGroup section */
		7F02752C28A59EC5009536CF /* Templates */ = {
			isa = PBXGroup;
			children = (
				7F2C7D5128FDD57C0039DEB5 /* ModifyTemplate */,
				7F02753028A5A2CF009536CF /* ViewModel */,
				7F02752F28A5A2CB009536CF /* Views */,
			);
			path = Templates;
			sourceTree = "<group>";
		};
		7F02752D28A59ECB009536CF /* History */ = {
			isa = PBXGroup;
			children = (
				7F63BAC428E5E71D005B6235 /* ViewModel */,
				7F63BAC328E5E715005B6235 /* Views */,
			);
			path = History;
			sourceTree = "<group>";
		};
		7F02752E28A59ED3009536CF /* Settings */ = {
			isa = PBXGroup;
			children = (
				7FC0001528AC0ACC00D484C6 /* ViewModel */,
				7FC0001428AC0AC600D484C6 /* Views */,
			);
			path = Settings;
			sourceTree = "<group>";
		};
		7F02752F28A5A2CB009536CF /* Views */ = {
			isa = PBXGroup;
			children = (
				7F02753128A5A2E9009536CF /* TemplatesView.swift */,
			);
			path = Views;
			sourceTree = "<group>";
		};
		7F02753028A5A2CF009536CF /* ViewModel */ = {
			isa = PBXGroup;
			children = (
				7F02753928A5A6B7009536CF /* TemplatesViewModel.swift */,
			);
			path = ViewModel;
			sourceTree = "<group>";
		};
		7F02753628A5A40C009536CF /* Header */ = {
			isa = PBXGroup;
			children = (
				7F02753728A5A42E009536CF /* AddNewHeaderView.swift */,
				7FA56BF928EB74AF00E977AC /* HeaderView.swift */,
			);
			path = Header;
			sourceTree = "<group>";
		};
		7F02753B28A5A915009536CF /* Template */ = {
			isa = PBXGroup;
			children = (
				7F0E85FA2922CCA800D55272 /* SelectTemplate */,
				7F02753C28A5A932009536CF /* TemplateGridView.swift */,
			);
			path = Template;
			sourceTree = "<group>";
		};
		7F02753E28A6B31B009536CF /* ModifyExercise */ = {
			isa = PBXGroup;
			children = (
				7F02754028A6B342009536CF /* ViewModel */,
				7F02753F28A6B33F009536CF /* Views */,
			);
			path = ModifyExercise;
			sourceTree = "<group>";
		};
		7F02753F28A6B33F009536CF /* Views */ = {
			isa = PBXGroup;
			children = (
				7F02754128A6B362009536CF /* ModifyExerciseView.swift */,
			);
			path = Views;
			sourceTree = "<group>";
		};
		7F02754028A6B342009536CF /* ViewModel */ = {
			isa = PBXGroup;
			children = (
				7FC0001228ABFFC200D484C6 /* ModifyExerciseViewModel.swift */,
			);
			path = ViewModel;
			sourceTree = "<group>";
		};
		7F0E85FA2922CCA800D55272 /* SelectTemplate */ = {
			isa = PBXGroup;
			children = (
				7F0E85FC2922CCB800D55272 /* ViewModel */,
				7F0E85FB2922CCB200D55272 /* View */,
			);
			path = SelectTemplate;
			sourceTree = "<group>";
		};
		7F0E85FB2922CCB200D55272 /* View */ = {
			isa = PBXGroup;
			children = (
				7F0E85FD2922CCD500D55272 /* SelectTemplateView.swift */,
			);
			path = View;
			sourceTree = "<group>";
		};
		7F0E85FC2922CCB800D55272 /* ViewModel */ = {
			isa = PBXGroup;
			children = (
				7F0E85FF2922CD3000D55272 /* SelectTemplateViewModel.swift */,
			);
			path = ViewModel;
			sourceTree = "<group>";
		};
		7F0E8F5F28A6F76F00824BED /* ViewModel */ = {
			isa = PBXGroup;
			children = (
				7F0E8F6128A6F7A600824BED /* AuthViewModel.swift */,
			);
			path = ViewModel;
			sourceTree = "<group>";
		};
		7F0E8F6028A6F77700824BED /* Views */ = {
			isa = PBXGroup;
			children = (
				7F0E8F6328A6F98500824BED /* LoginView.swift */,
				7F0E8F7028A74BCF00824BED /* AuthCardView.swift */,
				7F8FAC4B294276B4001D511F /* ResetPasswordView.swift */,
			);
			path = Views;
			sourceTree = "<group>";
		};
		7F0E8F6528A6F9AF00824BED /* Authentication */ = {
			isa = PBXGroup;
			children = (
				7F0E8F6628A6F9BF00824BED /* AuthHeaderView.swift */,
			);
			path = Authentication;
			sourceTree = "<group>";
		};
		7F2B9A41293A906F0089BFB5 /* Icons */ = {
			isa = PBXGroup;
			children = (
				7F2B9A42293A908A0089BFB5 /* DateIcon.swift */,
				7FDA16F9293E939F00FCFC04 /* WeightIcon.swift */,
				7FDA1701293EEDCD00FCFC04 /* DataFieldIcons.swift */,
			);
			path = Icons;
			sourceTree = "<group>";
		};
		7F2C7D5128FDD57C0039DEB5 /* ModifyTemplate */ = {
			isa = PBXGroup;
			children = (
				7F2C7D5328FDD5A20039DEB5 /* ViewModel */,
				7F2C7D5228FDD5970039DEB5 /* Views */,
			);
			path = ModifyTemplate;
			sourceTree = "<group>";
		};
		7F2C7D5228FDD5970039DEB5 /* Views */ = {
			isa = PBXGroup;
			children = (
				7F2C7D5428FDD5B50039DEB5 /* ModifyTemplateView.swift */,
			);
			path = Views;
			sourceTree = "<group>";
		};
		7F2C7D5328FDD5A20039DEB5 /* ViewModel */ = {
			isa = PBXGroup;
			children = (
				7F2C7D5628FDD6B60039DEB5 /* ModifyTemplateViewModel.swift */,
			);
			path = ViewModel;
			sourceTree = "<group>";
		};
		7F2C7D5A28FDE6000039DEB5 /* SelectExercise */ = {
			isa = PBXGroup;
			children = (
				7F2C7D5C28FDE6110039DEB5 /* ViewModel */,
				7F2C7D5B28FDE60A0039DEB5 /* View */,
			);
			path = SelectExercise;
			sourceTree = "<group>";
		};
		7F2C7D5B28FDE60A0039DEB5 /* View */ = {
			isa = PBXGroup;
			children = (
				7F43D9E728AEAED300069817 /* SelectExerciseView.swift */,
			);
			path = View;
			sourceTree = "<group>";
		};
		7F2C7D5C28FDE6110039DEB5 /* ViewModel */ = {
			isa = PBXGroup;
			children = (
				7F2C7D5D28FDE62A0039DEB5 /* SelectExerciseViewModel.swift */,
			);
			path = ViewModel;
			sourceTree = "<group>";
		};
		7F53D21128F5E8ED00FFB09D /* DragAndDrop */ = {
			isa = PBXGroup;
			children = (
				7F53D20F28F5E88700FFB09D /* ReorderableForEach.swift */,
				7F53D21228F5E91000FFB09D /* DragRelocateDelegate.swift */,
			);
			path = DragAndDrop;
			sourceTree = "<group>";
		};
		7F63BAC328E5E715005B6235 /* Views */ = {
			isa = PBXGroup;
			children = (
				7F7638AA29396655006D7D14 /* ExerciseResults */,
				7F63BAC528E5E732005B6235 /* HistoryView.swift */,
				7FA56BFF28EB829000E977AC /* WorkoutDetailsView.swift */,
				7FA56C0528EB9CEA00E977AC /* InstanceHistoryRowView.swift */,
				7FA56C1028ECCC4F00E977AC /* WorkoutDetailsScrollView.swift */,
				7FA5481528EE35FD009B1508 /* HistoryByWorkoutView.swift */,
				7FA5481728EE3796009B1508 /* HistoryByExerciseView.swift */,
				7FA5481B28EE4854009B1508 /* ExerciseHistoryView.swift */,
			);
			path = Views;
			sourceTree = "<group>";
		};
		7F63BAC428E5E71D005B6235 /* ViewModel */ = {
			isa = PBXGroup;
			children = (
				7FA56BFD28EB7C7E00E977AC /* WorkoutHistoryViewModel.swift */,
				7FA56C0128EB85CC00E977AC /* WorkoutDetailsViewModel.swift */,
				7FA5481928EE37A7009B1508 /* ExerciseHistoryViewModel.swift */,
				7FD12AAB28EE627D0039F138 /* ExerciseResultsViewModel.swift */,
			);
			path = ViewModel;
			sourceTree = "<group>";
		};
		7F7638A129368205006D7D14 /* Frameworks */ = {
			isa = PBXGroup;
			children = (
			);
			name = Frameworks;
			sourceTree = "<group>";
		};
		7F7638A42937DB69006D7D14 /* Charts */ = {
			isa = PBXGroup;
			children = (
				7F7638A229368578006D7D14 /* SmallPerformanceLineChart.swift */,
				7F2B9A44293AB6E90089BFB5 /* DetailedPerformanceLineChart.swift */,
			);
			path = Charts;
			sourceTree = "<group>";
		};
		7F7638A729393951006D7D14 /* MockData */ = {
			isa = PBXGroup;
			children = (
				7F7638A829393999006D7D14 /* MockService.swift */,
			);
			path = MockData;
			sourceTree = "<group>";
		};
		7F7638AA29396655006D7D14 /* ExerciseResults */ = {
			isa = PBXGroup;
			children = (
				7F1E824828EF817900D240FD /* ExerciseResultRowView.swift */,
				7F7638AB293966E1006D7D14 /* PerformanceChartTileView.swift */,
				7F9EFD17293C0399000FCB24 /* FullPerformanceChartView.swift */,
			);
			path = ExerciseResults;
			sourceTree = "<group>";
		};
		7FA3208428A3F8F30071D835 = {
			isa = PBXGroup;
			children = (
				7FA3208F28A3F8F30071D835 /* workout_tracker */,
				7FA320A028A3F8F40071D835 /* workout_trackerTests */,
				7FA320AA28A3F8F40071D835 /* workout_trackerUITests */,
				7FA3208E28A3F8F30071D835 /* Products */,
				7F7638A129368205006D7D14 /* Frameworks */,
			);
			sourceTree = "<group>";
		};
		7FA3208E28A3F8F30071D835 /* Products */ = {
			isa = PBXGroup;
			children = (
				7FA3208D28A3F8F30071D835 /* Workout Tracker.app */,
				7FA3209D28A3F8F40071D835 /* workout_trackerTests.xctest */,
				7FA320A728A3F8F40071D835 /* workout_trackerUITests.xctest */,
			);
			name = Products;
			sourceTree = "<group>";
		};
		7FA3208F28A3F8F30071D835 /* workout_tracker */ = {
			isa = PBXGroup;
			children = (
				7FA320BA28A3FC480071D835 /* Model */,
				7FA320BB28A3FC660071D835 /* Service */,
				7FA320BC28A3FC6D0071D835 /* Core */,
				7F7638A729393951006D7D14 /* MockData */,
				7FA3209028A3F8F30071D835 /* workout_trackerApp.swift */,
				7FA3209228A3F8F30071D835 /* ContentView.swift */,
				7FA3209428A3F8F30071D835 /* Assets.xcassets */,
				7F0E8F5D28A6F18100824BED /* GoogleService-Info.plist */,
				7FA3209628A3F8F30071D835 /* Preview Content */,
			);
			path = workout_tracker;
			sourceTree = "<group>";
		};
		7FA3209628A3F8F30071D835 /* Preview Content */ = {
			isa = PBXGroup;
			children = (
				7FA3209728A3F8F30071D835 /* Preview Assets.xcassets */,
			);
			path = "Preview Content";
			sourceTree = "<group>";
		};
		7FA320A028A3F8F40071D835 /* workout_trackerTests */ = {
			isa = PBXGroup;
			children = (
				7FA320A128A3F8F40071D835 /* workout_trackerTests.swift */,
			);
			path = workout_trackerTests;
			sourceTree = "<group>";
		};
		7FA320AA28A3F8F40071D835 /* workout_trackerUITests */ = {
			isa = PBXGroup;
			children = (
				7FA320AB28A3F8F40071D835 /* workout_trackerUITests.swift */,
				7FA320AD28A3F8F40071D835 /* workout_trackerUITestsLaunchTests.swift */,
			);
			path = workout_trackerUITests;
			sourceTree = "<group>";
		};
		7FA320BA28A3FC480071D835 /* Model */ = {
			isa = PBXGroup;
			children = (
				7F02754328A6E968009536CF /* Exercise.swift */,
				7FC0002728AD532400D484C6 /* ExerciseInstance.swift */,
				7F0E8F6E28A7439900824BED /* User.swift */,
				7FDED69828DB8249001BF503 /* Workout.swift */,
				7F2C7D4D28FDD2170039DEB5 /* Template.swift */,
				7FDA1703294044B400FCFC04 /* WorkoutHistoryItem.swift */,
			);
			path = Model;
			sourceTree = "<group>";
		};
		7FA320BB28A3FC660071D835 /* Service */ = {
			isa = PBXGroup;
			children = (
				7F0E8F6C28A7434700824BED /* UserService.swift */,
				7FC0001028ABFD0400D484C6 /* ExerciseService.swift */,
				7FDED69628DB81E0001BF503 /* WorkoutService.swift */,
				7FDED69A28DB8523001BF503 /* ExerciseInstanceService.swift */,
				7F2C7D4F28FDD35B0039DEB5 /* TemplateService.swift */,
			);
			path = Service;
			sourceTree = "<group>";
		};
		7FA320BC28A3FC6D0071D835 /* Core */ = {
			isa = PBXGroup;
			children = (
				7FA320BD28A3FCA20071D835 /* Components */,
				7FA320BE28A3FCAB0071D835 /* Authentication */,
				7FA320C228A3FE1E0071D835 /* Exercises */,
				7F02752C28A59EC5009536CF /* Templates */,
				7F02752D28A59ECB009536CF /* History */,
				7F02752E28A59ED3009536CF /* Settings */,
				7FC0001828AC117900D484C6 /* Workout */,
				7FA320BF28A3FCB40071D835 /* TabBar */,
			);
			path = Core;
			sourceTree = "<group>";
		};
		7FA320BD28A3FCA20071D835 /* Components */ = {
			isa = PBXGroup;
			children = (
				7FA5480828EDEF7A009B1508 /* General */,
				7F0E8F6528A6F9AF00824BED /* Authentication */,
				7F02753628A5A40C009536CF /* Header */,
				7FA320D528A592540071D835 /* Exercise */,
				7F02753B28A5A915009536CF /* Template */,
				7FC0002028AC305E00D484C6 /* Workout */,
			);
			path = Components;
			sourceTree = "<group>";
		};
		7FA320BE28A3FCAB0071D835 /* Authentication */ = {
			isa = PBXGroup;
			children = (
				7F0E8F5F28A6F76F00824BED /* ViewModel */,
				7F0E8F6028A6F77700824BED /* Views */,
			);
			path = Authentication;
			sourceTree = "<group>";
		};
		7FA320BF28A3FCB40071D835 /* TabBar */ = {
			isa = PBXGroup;
			children = (
				7FA320C828A416490071D835 /* ViewModel */,
				7FA320C728A4163D0071D835 /* Views */,
			);
			path = TabBar;
			sourceTree = "<group>";
		};
		7FA320C228A3FE1E0071D835 /* Exercises */ = {
			isa = PBXGroup;
			children = (
				7F02753E28A6B31B009536CF /* ModifyExercise */,
				7FA320C428A3FE690071D835 /* ViewModels */,
				7FA320C328A3FE5B0071D835 /* View */,
			);
			path = Exercises;
			sourceTree = "<group>";
		};
		7FA320C328A3FE5B0071D835 /* View */ = {
			isa = PBXGroup;
			children = (
				7FA320C528A3FE7F0071D835 /* ExercisesView.swift */,
			);
			path = View;
			sourceTree = "<group>";
		};
		7FA320C428A3FE690071D835 /* ViewModels */ = {
			isa = PBXGroup;
			children = (
				7FA320D328A552DD0071D835 /* ExercisesViewModel.swift */,
			);
			path = ViewModels;
			sourceTree = "<group>";
		};
		7FA320C728A4163D0071D835 /* Views */ = {
			isa = PBXGroup;
			children = (
				7FA320C028A3FDA20071D835 /* MainTabView.swift */,
				7FA320CD28A544120071D835 /* PopUpMenuView.swift */,
				7FA5480B28EDF8A4009B1508 /* TabMenuIconView.swift */,
				7FA5480D28EDF916009B1508 /* TabIconView.swift */,
				7FA5480F28EDFE68009B1508 /* MainTabViewBodyView.swift */,
			);
			path = Views;
			sourceTree = "<group>";
		};
		7FA320C828A416490071D835 /* ViewModel */ = {
			isa = PBXGroup;
			children = (
				7FA320CF28A548E70071D835 /* PopUpMenuViewModel.swift */,
				7FC0000E28ABEED900D484C6 /* TabBarViewModel.swift */,
			);
			path = ViewModel;
			sourceTree = "<group>";
		};
		7FA320D528A592540071D835 /* Exercise */ = {
			isa = PBXGroup;
			children = (
				7F2C7D5A28FDE6000039DEB5 /* SelectExercise */,
				7FA320D828A5927D0071D835 /* ExerciseRowView.swift */,
			);
			path = Exercise;
			sourceTree = "<group>";
		};
		7FA5480828EDEF7A009B1508 /* General */ = {
			isa = PBXGroup;
			children = (
				7FDA16F4293E710A00FCFC04 /* Formatters */,
				7F2B9A41293A906F0089BFB5 /* Icons */,
				7F7638A42937DB69006D7D14 /* Charts */,
				7F53D21128F5E8ED00FFB09D /* DragAndDrop */,
				7FA320D128A551820071D835 /* SearchBar.swift */,
				7F0E8F6A28A6FA8D00824BED /* CustomInputField.swift */,
				7FA56C0328EB900200E977AC /* NavigationLazyView.swift */,
				7FA5480628EDE8E7009B1508 /* LoadingState.swift */,
				7FA5480928EDEF9D009B1508 /* LoadingView.swift */,
				7F53D20D28F5E19000FFB09D /* InvertAppIcons.swift */,
				7F8FAC4929426CA5001D511F /* ModifyObjectMode.swift */,
				7FC01A88295B5DA6002DAF24 /* AccessibilityStack.swift */,
			);
			path = General;
			sourceTree = "<group>";
		};
		7FC0001428AC0AC600D484C6 /* Views */ = {
			isa = PBXGroup;
			children = (
				7FC0001628AC0ADF00D484C6 /* SettingsView.swift */,
			);
			path = Views;
			sourceTree = "<group>";
		};
		7FC0001528AC0ACC00D484C6 /* ViewModel */ = {
			isa = PBXGroup;
			children = (
			);
			path = ViewModel;
			sourceTree = "<group>";
		};
		7FC0001828AC117900D484C6 /* Workout */ = {
			isa = PBXGroup;
			children = (
				7FC0001A28AC11B500D484C6 /* ViewModel */,
				7FC0001928AC11AA00D484C6 /* Views */,
			);
			path = Workout;
			sourceTree = "<group>";
		};
		7FC0001928AC11AA00D484C6 /* Views */ = {
			isa = PBXGroup;
			children = (
				7FC0001B28AC11DA00D484C6 /* WorkoutView.swift */,
				7FC0002328AC319300D484C6 /* TimerView.swift */,
			);
			path = Views;
			sourceTree = "<group>";
		};
		7FC0001A28AC11B500D484C6 /* ViewModel */ = {
			isa = PBXGroup;
			children = (
				7FC0002528AD4E3900D484C6 /* WorkoutViewModel.swift */,
			);
			path = ViewModel;
			sourceTree = "<group>";
		};
		7FC0002028AC305E00D484C6 /* Workout */ = {
			isa = PBXGroup;
			children = (
				7FC0002128AC307400D484C6 /* StopwatchManager.swift */,
				7FC0002928AD5D7800D484C6 /* ExerciseDisclosureGroupView.swift */,
				7FA56BFB28EB792900E977AC /* WorkoutRowView.swift */,
				7FA5481328EE21F7009B1508 /* PreviousInstanceDataView.swift */,
			);
			path = Workout;
			sourceTree = "<group>";
		};
		7FDA16F4293E710A00FCFC04 /* Formatters */ = {
			isa = PBXGroup;
			children = (
				7FDA16F2293E70BC00FCFC04 /* CustomDateFormatter.swift */,
				7FDA16F5293E731200FCFC04 /* WeightFormatter.swift */,
				7FDA16F7293E73F400FCFC04 /* TimeFormatter.swift */,
				7FC01A86295A5E4D002DAF24 /* RepsFormatter.swift */,
			);
			path = Formatters;
			sourceTree = "<group>";
		};
/* End PBXGroup section */

/* Begin PBXNativeTarget section */
		7FA3208C28A3F8F30071D835 /* workout_tracker */ = {
			isa = PBXNativeTarget;
			buildConfigurationList = 7FA320B128A3F8F40071D835 /* Build configuration list for PBXNativeTarget "workout_tracker" */;
			buildPhases = (
				7FA3208928A3F8F30071D835 /* Sources */,
				7FA3208A28A3F8F30071D835 /* Frameworks */,
				7FA3208B28A3F8F30071D835 /* Resources */,
			);
			buildRules = (
			);
			dependencies = (
			);
			name = workout_tracker;
			packageProductDependencies = (
				7F02754828A6ED2B009536CF /* FirebaseAuth */,
				7F02754A28A6ED2B009536CF /* FirebaseFirestore */,
				7F02754C28A6ED2B009536CF /* FirebaseFirestoreSwift */,
				7FA56C0C28ECBB3500E977AC /* SwiftfulLoadingIndicators */,
				7F76389F29367FBC006D7D14 /* Charts */,
				7FDA16FF293EAF8F00FCFC04 /* TrapezoidShapes */,
			);
			productName = workout_tracker;
			productReference = 7FA3208D28A3F8F30071D835 /* Workout Tracker.app */;
			productType = "com.apple.product-type.application";
		};
		7FA3209C28A3F8F40071D835 /* workout_trackerTests */ = {
			isa = PBXNativeTarget;
			buildConfigurationList = 7FA320B428A3F8F40071D835 /* Build configuration list for PBXNativeTarget "workout_trackerTests" */;
			buildPhases = (
				7FA3209928A3F8F40071D835 /* Sources */,
				7FA3209A28A3F8F40071D835 /* Frameworks */,
				7FA3209B28A3F8F40071D835 /* Resources */,
			);
			buildRules = (
			);
			dependencies = (
				7FA3209F28A3F8F40071D835 /* PBXTargetDependency */,
			);
			name = workout_trackerTests;
			productName = workout_trackerTests;
			productReference = 7FA3209D28A3F8F40071D835 /* workout_trackerTests.xctest */;
			productType = "com.apple.product-type.bundle.unit-test";
		};
		7FA320A628A3F8F40071D835 /* workout_trackerUITests */ = {
			isa = PBXNativeTarget;
			buildConfigurationList = 7FA320B728A3F8F40071D835 /* Build configuration list for PBXNativeTarget "workout_trackerUITests" */;
			buildPhases = (
				7FA320A328A3F8F40071D835 /* Sources */,
				7FA320A428A3F8F40071D835 /* Frameworks */,
				7FA320A528A3F8F40071D835 /* Resources */,
			);
			buildRules = (
			);
			dependencies = (
				7FA320A928A3F8F40071D835 /* PBXTargetDependency */,
			);
			name = workout_trackerUITests;
			productName = workout_trackerUITests;
			productReference = 7FA320A728A3F8F40071D835 /* workout_trackerUITests.xctest */;
			productType = "com.apple.product-type.bundle.ui-testing";
		};
/* End PBXNativeTarget section */

/* Begin PBXProject section */
		7FA3208528A3F8F30071D835 /* Project object */ = {
			isa = PBXProject;
			attributes = {
				BuildIndependentTargetsInParallel = 1;
				LastSwiftUpdateCheck = 1340;
				LastUpgradeCheck = 1340;
				TargetAttributes = {
					7FA3208C28A3F8F30071D835 = {
						CreatedOnToolsVersion = 13.4;
					};
					7FA3209C28A3F8F40071D835 = {
						CreatedOnToolsVersion = 13.4;
						TestTargetID = 7FA3208C28A3F8F30071D835;
					};
					7FA320A628A3F8F40071D835 = {
						CreatedOnToolsVersion = 13.4;
						TestTargetID = 7FA3208C28A3F8F30071D835;
					};
				};
			};
			buildConfigurationList = 7FA3208828A3F8F30071D835 /* Build configuration list for PBXProject "workout_tracker" */;
			compatibilityVersion = "Xcode 13.0";
			developmentRegion = en;
			hasScannedForEncodings = 0;
			knownRegions = (
				en,
				Base,
			);
			mainGroup = 7FA3208428A3F8F30071D835;
			packageReferences = (
				7F02754728A6ED2B009536CF /* XCRemoteSwiftPackageReference "firebase-ios-sdk" */,
				7FA56C0B28ECBB3500E977AC /* XCRemoteSwiftPackageReference "SwiftfulLoadingIndicators" */,
				7F76389E29367FBC006D7D14 /* XCRemoteSwiftPackageReference "Charts" */,
				7FDA16FE293EAF8F00FCFC04 /* XCRemoteSwiftPackageReference "swift-trapezoid-shapes" */,
			);
			productRefGroup = 7FA3208E28A3F8F30071D835 /* Products */;
			projectDirPath = "";
			projectRoot = "";
			targets = (
				7FA3208C28A3F8F30071D835 /* workout_tracker */,
				7FA3209C28A3F8F40071D835 /* workout_trackerTests */,
				7FA320A628A3F8F40071D835 /* workout_trackerUITests */,
			);
		};
/* End PBXProject section */

/* Begin PBXResourcesBuildPhase section */
		7FA3208B28A3F8F30071D835 /* Resources */ = {
			isa = PBXResourcesBuildPhase;
			buildActionMask = 2147483647;
			files = (
				7FA3209828A3F8F30071D835 /* Preview Assets.xcassets in Resources */,
				7FA3209528A3F8F30071D835 /* Assets.xcassets in Resources */,
				7F0E8F5E28A6F18100824BED /* GoogleService-Info.plist in Resources */,
			);
			runOnlyForDeploymentPostprocessing = 0;
		};
		7FA3209B28A3F8F40071D835 /* Resources */ = {
			isa = PBXResourcesBuildPhase;
			buildActionMask = 2147483647;
			files = (
			);
			runOnlyForDeploymentPostprocessing = 0;
		};
		7FA320A528A3F8F40071D835 /* Resources */ = {
			isa = PBXResourcesBuildPhase;
			buildActionMask = 2147483647;
			files = (
			);
			runOnlyForDeploymentPostprocessing = 0;
		};
/* End PBXResourcesBuildPhase section */

/* Begin PBXSourcesBuildPhase section */
		7FA3208928A3F8F30071D835 /* Sources */ = {
			isa = PBXSourcesBuildPhase;
			buildActionMask = 2147483647;
			files = (
				7FA56C1128ECCC4F00E977AC /* WorkoutDetailsScrollView.swift in Sources */,
				7F8FAC4A29426CA5001D511F /* ModifyObjectMode.swift in Sources */,
				7F02754428A6E968009536CF /* Exercise.swift in Sources */,
				7FC0001128ABFD0400D484C6 /* ExerciseService.swift in Sources */,
				7FA5480E28EDF916009B1508 /* TabIconView.swift in Sources */,
				7FA5481028EDFE68009B1508 /* MainTabViewBodyView.swift in Sources */,
				7FA320C628A3FE7F0071D835 /* ExercisesView.swift in Sources */,
				7F63BAC628E5E732005B6235 /* HistoryView.swift in Sources */,
				7FC0002828AD532400D484C6 /* ExerciseInstance.swift in Sources */,
				7FC0001328ABFFC200D484C6 /* ModifyExerciseViewModel.swift in Sources */,
				7FC0002628AD4E3900D484C6 /* WorkoutViewModel.swift in Sources */,
				7FC0001C28AC11DA00D484C6 /* WorkoutView.swift in Sources */,
				7FA3209328A3F8F30071D835 /* ContentView.swift in Sources */,
				7F2B9A45293AB6E90089BFB5 /* DetailedPerformanceLineChart.swift in Sources */,
				7FDA16F3293E70BC00FCFC04 /* CustomDateFormatter.swift in Sources */,
				7F0E8F6B28A6FA8D00824BED /* CustomInputField.swift in Sources */,
				7FA320D428A552DD0071D835 /* ExercisesViewModel.swift in Sources */,
				7F0E8F6D28A7434700824BED /* UserService.swift in Sources */,
				7FC0002A28AD5D7800D484C6 /* ExerciseDisclosureGroupView.swift in Sources */,
				7F02753828A5A42E009536CF /* AddNewHeaderView.swift in Sources */,
				7F0E85FE2922CCD500D55272 /* SelectTemplateView.swift in Sources */,
				7FA3209128A3F8F30071D835 /* workout_trackerApp.swift in Sources */,
				7FA56BFE28EB7C7E00E977AC /* WorkoutHistoryViewModel.swift in Sources */,
				7F7638A329368578006D7D14 /* SmallPerformanceLineChart.swift in Sources */,
				7F0E8F6228A6F7A600824BED /* AuthViewModel.swift in Sources */,
				7FA56C0228EB85CC00E977AC /* WorkoutDetailsViewModel.swift in Sources */,
				7FA5481A28EE37A7009B1508 /* ExerciseHistoryViewModel.swift in Sources */,
				7FA5480C28EDF8A4009B1508 /* TabMenuIconView.swift in Sources */,
				7FA320D028A548E70071D835 /* PopUpMenuViewModel.swift in Sources */,
				7FDA16FA293E939F00FCFC04 /* WeightIcon.swift in Sources */,
				7F9EFD18293C0399000FCB24 /* FullPerformanceChartView.swift in Sources */,
				7F2C7D5E28FDE62A0039DEB5 /* SelectExerciseViewModel.swift in Sources */,
				7F53D21328F5E91000FFB09D /* DragRelocateDelegate.swift in Sources */,
				7FA320D228A551820071D835 /* SearchBar.swift in Sources */,
				7F7638AC293966E1006D7D14 /* PerformanceChartTileView.swift in Sources */,
				7FDED69728DB81E0001BF503 /* WorkoutService.swift in Sources */,
				7FA5480728EDE8E7009B1508 /* LoadingState.swift in Sources */,
				7FC01A89295B5DA6002DAF24 /* AccessibilityStack.swift in Sources */,
				7F02753A28A5A6B7009536CF /* TemplatesViewModel.swift in Sources */,
				7FA320D928A5927D0071D835 /* ExerciseRowView.swift in Sources */,
				7F0E86002922CD3000D55272 /* SelectTemplateViewModel.swift in Sources */,
				7FA56BFC28EB792900E977AC /* WorkoutRowView.swift in Sources */,
				7F8FAC4C294276B4001D511F /* ResetPasswordView.swift in Sources */,
				7FDA1704294044B400FCFC04 /* WorkoutHistoryItem.swift in Sources */,
				7F0E8F6428A6F98500824BED /* LoginView.swift in Sources */,
				7FC01A87295A5E4D002DAF24 /* RepsFormatter.swift in Sources */,
				7FC0002228AC307400D484C6 /* StopwatchManager.swift in Sources */,
				7FA56C0628EB9CEA00E977AC /* InstanceHistoryRowView.swift in Sources */,
				7FDED69B28DB8523001BF503 /* ExerciseInstanceService.swift in Sources */,
				7F02753D28A5A932009536CF /* TemplateGridView.swift in Sources */,
				7FA56BFA28EB74AF00E977AC /* HeaderView.swift in Sources */,
				7F2C7D4E28FDD2170039DEB5 /* Template.swift in Sources */,
				7FDED69928DB8249001BF503 /* Workout.swift in Sources */,
				7FA320CE28A544120071D835 /* PopUpMenuView.swift in Sources */,
				7F53D21028F5E88700FFB09D /* ReorderableForEach.swift in Sources */,
				7F7638A929393999006D7D14 /* MockService.swift in Sources */,
				7FDA1702293EEDCD00FCFC04 /* DataFieldIcons.swift in Sources */,
				7FA5481C28EE4854009B1508 /* ExerciseHistoryView.swift in Sources */,
				7FA5481428EE21F7009B1508 /* PreviousInstanceDataView.swift in Sources */,
				7FC0000F28ABEED900D484C6 /* TabBarViewModel.swift in Sources */,
				7FA320C128A3FDA20071D835 /* MainTabView.swift in Sources */,
				7FA5481628EE35FD009B1508 /* HistoryByWorkoutView.swift in Sources */,
				7FA56C0028EB829000E977AC /* WorkoutDetailsView.swift in Sources */,
				7F43D9E828AEAED300069817 /* SelectExerciseView.swift in Sources */,
				7FA5481828EE3796009B1508 /* HistoryByExerciseView.swift in Sources */,
				7FDA16F8293E73F400FCFC04 /* TimeFormatter.swift in Sources */,
				7F0E8F6728A6F9BF00824BED /* AuthHeaderView.swift in Sources */,
				7FD12AAC28EE627D0039F138 /* ExerciseResultsViewModel.swift in Sources */,
				7F02754228A6B362009536CF /* ModifyExerciseView.swift in Sources */,
				7FDA16F6293E731200FCFC04 /* WeightFormatter.swift in Sources */,
				7FA5480A28EDEF9D009B1508 /* LoadingView.swift in Sources */,
				7FA56C0428EB900200E977AC /* NavigationLazyView.swift in Sources */,
				7FC0002428AC319300D484C6 /* TimerView.swift in Sources */,
				7F2C7D5528FDD5B50039DEB5 /* ModifyTemplateView.swift in Sources */,
				7F0E8F7128A74BCF00824BED /* AuthCardView.swift in Sources */,
				7F2C7D5028FDD35B0039DEB5 /* TemplateService.swift in Sources */,
				7F1E824928EF817900D240FD /* ExerciseResultRowView.swift in Sources */,
				7F02753228A5A2E9009536CF /* TemplatesView.swift in Sources */,
				7F0E8F6F28A7439900824BED /* User.swift in Sources */,
				7F53D20E28F5E19000FFB09D /* InvertAppIcons.swift in Sources */,
				7F2C7D5728FDD6B60039DEB5 /* ModifyTemplateViewModel.swift in Sources */,
				7FC0001728AC0ADF00D484C6 /* SettingsView.swift in Sources */,
				7F2B9A43293A908A0089BFB5 /* DateIcon.swift in Sources */,
			);
			runOnlyForDeploymentPostprocessing = 0;
		};
		7FA3209928A3F8F40071D835 /* Sources */ = {
			isa = PBXSourcesBuildPhase;
			buildActionMask = 2147483647;
			files = (
				7FA320A228A3F8F40071D835 /* workout_trackerTests.swift in Sources */,
			);
			runOnlyForDeploymentPostprocessing = 0;
		};
		7FA320A328A3F8F40071D835 /* Sources */ = {
			isa = PBXSourcesBuildPhase;
			buildActionMask = 2147483647;
			files = (
				7FA320AC28A3F8F40071D835 /* workout_trackerUITests.swift in Sources */,
				7FA320AE28A3F8F40071D835 /* workout_trackerUITestsLaunchTests.swift in Sources */,
			);
			runOnlyForDeploymentPostprocessing = 0;
		};
/* End PBXSourcesBuildPhase section */

/* Begin PBXTargetDependency section */
		7FA3209F28A3F8F40071D835 /* PBXTargetDependency */ = {
			isa = PBXTargetDependency;
			target = 7FA3208C28A3F8F30071D835 /* workout_tracker */;
			targetProxy = 7FA3209E28A3F8F40071D835 /* PBXContainerItemProxy */;
		};
		7FA320A928A3F8F40071D835 /* PBXTargetDependency */ = {
			isa = PBXTargetDependency;
			target = 7FA3208C28A3F8F30071D835 /* workout_tracker */;
			targetProxy = 7FA320A828A3F8F40071D835 /* PBXContainerItemProxy */;
		};
/* End PBXTargetDependency section */

/* Begin XCBuildConfiguration section */
		7FA320AF28A3F8F40071D835 /* Debug */ = {
			isa = XCBuildConfiguration;
			buildSettings = {
				ALWAYS_SEARCH_USER_PATHS = NO;
				CLANG_ANALYZER_NONNULL = YES;
				CLANG_ANALYZER_NUMBER_OBJECT_CONVERSION = YES_AGGRESSIVE;
				CLANG_CXX_LANGUAGE_STANDARD = "gnu++17";
				CLANG_ENABLE_MODULES = YES;
				CLANG_ENABLE_OBJC_ARC = YES;
				CLANG_ENABLE_OBJC_WEAK = YES;
				CLANG_WARN_BLOCK_CAPTURE_AUTORELEASING = YES;
				CLANG_WARN_BOOL_CONVERSION = YES;
				CLANG_WARN_COMMA = YES;
				CLANG_WARN_CONSTANT_CONVERSION = YES;
				CLANG_WARN_DEPRECATED_OBJC_IMPLEMENTATIONS = YES;
				CLANG_WARN_DIRECT_OBJC_ISA_USAGE = YES_ERROR;
				CLANG_WARN_DOCUMENTATION_COMMENTS = YES;
				CLANG_WARN_EMPTY_BODY = YES;
				CLANG_WARN_ENUM_CONVERSION = YES;
				CLANG_WARN_INFINITE_RECURSION = YES;
				CLANG_WARN_INT_CONVERSION = YES;
				CLANG_WARN_NON_LITERAL_NULL_CONVERSION = YES;
				CLANG_WARN_OBJC_IMPLICIT_RETAIN_SELF = YES;
				CLANG_WARN_OBJC_LITERAL_CONVERSION = YES;
				CLANG_WARN_OBJC_ROOT_CLASS = YES_ERROR;
				CLANG_WARN_QUOTED_INCLUDE_IN_FRAMEWORK_HEADER = YES;
				CLANG_WARN_RANGE_LOOP_ANALYSIS = YES;
				CLANG_WARN_STRICT_PROTOTYPES = YES;
				CLANG_WARN_SUSPICIOUS_MOVE = YES;
				CLANG_WARN_UNGUARDED_AVAILABILITY = YES_AGGRESSIVE;
				CLANG_WARN_UNREACHABLE_CODE = YES;
				CLANG_WARN__DUPLICATE_METHOD_MATCH = YES;
				COPY_PHASE_STRIP = NO;
				DEBUG_INFORMATION_FORMAT = dwarf;
				ENABLE_STRICT_OBJC_MSGSEND = YES;
				ENABLE_TESTABILITY = YES;
				GCC_C_LANGUAGE_STANDARD = gnu11;
				GCC_DYNAMIC_NO_PIC = NO;
				GCC_NO_COMMON_BLOCKS = YES;
				GCC_OPTIMIZATION_LEVEL = 0;
				GCC_PREPROCESSOR_DEFINITIONS = (
					"DEBUG=1",
					"$(inherited)",
				);
				GCC_WARN_64_TO_32_BIT_CONVERSION = YES;
				GCC_WARN_ABOUT_RETURN_TYPE = YES_ERROR;
				GCC_WARN_UNDECLARED_SELECTOR = YES;
				GCC_WARN_UNINITIALIZED_AUTOS = YES_AGGRESSIVE;
				GCC_WARN_UNUSED_FUNCTION = YES;
				GCC_WARN_UNUSED_VARIABLE = YES;
				IPHONEOS_DEPLOYMENT_TARGET = 15.0;
				MTL_ENABLE_DEBUG_INFO = INCLUDE_SOURCE;
				MTL_FAST_MATH = YES;
				ONLY_ACTIVE_ARCH = YES;
				SDKROOT = iphoneos;
				SWIFT_ACTIVE_COMPILATION_CONDITIONS = DEBUG;
				SWIFT_OPTIMIZATION_LEVEL = "-Onone";
			};
			name = Debug;
		};
		7FA320B028A3F8F40071D835 /* Release */ = {
			isa = XCBuildConfiguration;
			buildSettings = {
				ALWAYS_SEARCH_USER_PATHS = NO;
				CLANG_ANALYZER_NONNULL = YES;
				CLANG_ANALYZER_NUMBER_OBJECT_CONVERSION = YES_AGGRESSIVE;
				CLANG_CXX_LANGUAGE_STANDARD = "gnu++17";
				CLANG_ENABLE_MODULES = YES;
				CLANG_ENABLE_OBJC_ARC = YES;
				CLANG_ENABLE_OBJC_WEAK = YES;
				CLANG_WARN_BLOCK_CAPTURE_AUTORELEASING = YES;
				CLANG_WARN_BOOL_CONVERSION = YES;
				CLANG_WARN_COMMA = YES;
				CLANG_WARN_CONSTANT_CONVERSION = YES;
				CLANG_WARN_DEPRECATED_OBJC_IMPLEMENTATIONS = YES;
				CLANG_WARN_DIRECT_OBJC_ISA_USAGE = YES_ERROR;
				CLANG_WARN_DOCUMENTATION_COMMENTS = YES;
				CLANG_WARN_EMPTY_BODY = YES;
				CLANG_WARN_ENUM_CONVERSION = YES;
				CLANG_WARN_INFINITE_RECURSION = YES;
				CLANG_WARN_INT_CONVERSION = YES;
				CLANG_WARN_NON_LITERAL_NULL_CONVERSION = YES;
				CLANG_WARN_OBJC_IMPLICIT_RETAIN_SELF = YES;
				CLANG_WARN_OBJC_LITERAL_CONVERSION = YES;
				CLANG_WARN_OBJC_ROOT_CLASS = YES_ERROR;
				CLANG_WARN_QUOTED_INCLUDE_IN_FRAMEWORK_HEADER = YES;
				CLANG_WARN_RANGE_LOOP_ANALYSIS = YES;
				CLANG_WARN_STRICT_PROTOTYPES = YES;
				CLANG_WARN_SUSPICIOUS_MOVE = YES;
				CLANG_WARN_UNGUARDED_AVAILABILITY = YES_AGGRESSIVE;
				CLANG_WARN_UNREACHABLE_CODE = YES;
				CLANG_WARN__DUPLICATE_METHOD_MATCH = YES;
				COPY_PHASE_STRIP = NO;
				DEBUG_INFORMATION_FORMAT = "dwarf-with-dsym";
				ENABLE_NS_ASSERTIONS = NO;
				ENABLE_STRICT_OBJC_MSGSEND = YES;
				GCC_C_LANGUAGE_STANDARD = gnu11;
				GCC_NO_COMMON_BLOCKS = YES;
				GCC_WARN_64_TO_32_BIT_CONVERSION = YES;
				GCC_WARN_ABOUT_RETURN_TYPE = YES_ERROR;
				GCC_WARN_UNDECLARED_SELECTOR = YES;
				GCC_WARN_UNINITIALIZED_AUTOS = YES_AGGRESSIVE;
				GCC_WARN_UNUSED_FUNCTION = YES;
				GCC_WARN_UNUSED_VARIABLE = YES;
				IPHONEOS_DEPLOYMENT_TARGET = 15.0;
				MTL_ENABLE_DEBUG_INFO = NO;
				MTL_FAST_MATH = YES;
				SDKROOT = iphoneos;
				SWIFT_COMPILATION_MODE = wholemodule;
				SWIFT_OPTIMIZATION_LEVEL = "-O";
				VALIDATE_PRODUCT = YES;
			};
			name = Release;
		};
		7FA320B228A3F8F40071D835 /* Debug */ = {
			isa = XCBuildConfiguration;
			buildSettings = {
				ASSETCATALOG_COMPILER_APPICON_NAME = AppIcon;
				ASSETCATALOG_COMPILER_GLOBAL_ACCENT_COLOR_NAME = AccentColor;
				CODE_SIGN_STYLE = Automatic;
				CURRENT_PROJECT_VERSION = 4;
				DEVELOPMENT_ASSET_PATHS = "\"workout_tracker/Preview Content\"";
				DEVELOPMENT_TEAM = PCJW34NLVX;
				ENABLE_PREVIEWS = YES;
				GENERATE_INFOPLIST_FILE = YES;
				INFOPLIST_KEY_LSApplicationCategoryType = "public.app-category.healthcare-fitness";
				INFOPLIST_KEY_UIApplicationSceneManifest_Generation = YES;
				INFOPLIST_KEY_UIApplicationSupportsIndirectInputEvents = YES;
				INFOPLIST_KEY_UILaunchScreen_Generation = YES;
				INFOPLIST_KEY_UISupportedInterfaceOrientations = "UIInterfaceOrientationPortrait UIInterfaceOrientationLandscapeLeft UIInterfaceOrientationLandscapeRight";
				INFOPLIST_KEY_UISupportedInterfaceOrientations_iPad = "UIInterfaceOrientationPortrait UIInterfaceOrientationPortraitUpsideDown UIInterfaceOrientationLandscapeLeft UIInterfaceOrientationLandscapeRight";
				INFOPLIST_KEY_UISupportedInterfaceOrientations_iPhone = "UIInterfaceOrientationPortrait UIInterfaceOrientationLandscapeLeft UIInterfaceOrientationLandscapeRight";
				LD_RUNPATH_SEARCH_PATHS = (
					"$(inherited)",
					"@executable_path/Frameworks",
				);
				MARKETING_VERSION = 1.0;
				PRODUCT_BUNDLE_IDENTIFIER = "com.rsam.workout-tracker";
				PRODUCT_NAME = "Workout Tracker";
				SWIFT_EMIT_LOC_STRINGS = YES;
				SWIFT_VERSION = 5.0;
				TARGETED_DEVICE_FAMILY = "1,2";
			};
			name = Debug;
		};
		7FA320B328A3F8F40071D835 /* Release */ = {
			isa = XCBuildConfiguration;
			buildSettings = {
				ASSETCATALOG_COMPILER_APPICON_NAME = AppIcon;
				ASSETCATALOG_COMPILER_GLOBAL_ACCENT_COLOR_NAME = AccentColor;
				CODE_SIGN_STYLE = Automatic;
				CURRENT_PROJECT_VERSION = 4;
				DEVELOPMENT_ASSET_PATHS = "\"workout_tracker/Preview Content\"";
				DEVELOPMENT_TEAM = PCJW34NLVX;
				ENABLE_PREVIEWS = YES;
				GENERATE_INFOPLIST_FILE = YES;
				INFOPLIST_KEY_LSApplicationCategoryType = "public.app-category.healthcare-fitness";
				INFOPLIST_KEY_UIApplicationSceneManifest_Generation = YES;
				INFOPLIST_KEY_UIApplicationSupportsIndirectInputEvents = YES;
				INFOPLIST_KEY_UILaunchScreen_Generation = YES;
				INFOPLIST_KEY_UISupportedInterfaceOrientations = "UIInterfaceOrientationPortrait UIInterfaceOrientationLandscapeLeft UIInterfaceOrientationLandscapeRight";
				INFOPLIST_KEY_UISupportedInterfaceOrientations_iPad = "UIInterfaceOrientationPortrait UIInterfaceOrientationPortraitUpsideDown UIInterfaceOrientationLandscapeLeft UIInterfaceOrientationLandscapeRight";
				INFOPLIST_KEY_UISupportedInterfaceOrientations_iPhone = "UIInterfaceOrientationPortrait UIInterfaceOrientationLandscapeLeft UIInterfaceOrientationLandscapeRight";
				LD_RUNPATH_SEARCH_PATHS = (
					"$(inherited)",
					"@executable_path/Frameworks",
				);
				MARKETING_VERSION = 1.0;
				PRODUCT_BUNDLE_IDENTIFIER = "com.rsam.workout-tracker";
				PRODUCT_NAME = "Workout Tracker";
				SWIFT_EMIT_LOC_STRINGS = YES;
				SWIFT_VERSION = 5.0;
				TARGETED_DEVICE_FAMILY = "1,2";
			};
			name = Release;
		};
		7FA320B528A3F8F40071D835 /* Debug */ = {
			isa = XCBuildConfiguration;
			buildSettings = {
				ALWAYS_EMBED_SWIFT_STANDARD_LIBRARIES = YES;
				BUNDLE_LOADER = "$(TEST_HOST)";
				CODE_SIGN_STYLE = Automatic;
				CURRENT_PROJECT_VERSION = 1;
				DEVELOPMENT_TEAM = PCJW34NLVX;
				GENERATE_INFOPLIST_FILE = YES;
				IPHONEOS_DEPLOYMENT_TARGET = 15.5;
				MARKETING_VERSION = 1.0;
				PRODUCT_BUNDLE_IDENTIFIER = "com.rsam.workout-trackerTests";
				PRODUCT_NAME = "$(TARGET_NAME)";
				SWIFT_EMIT_LOC_STRINGS = NO;
				SWIFT_VERSION = 5.0;
				TARGETED_DEVICE_FAMILY = "1,2";
				TEST_HOST = "$(BUILT_PRODUCTS_DIR)/workout_tracker.app/workout_tracker";
			};
			name = Debug;
		};
		7FA320B628A3F8F40071D835 /* Release */ = {
			isa = XCBuildConfiguration;
			buildSettings = {
				ALWAYS_EMBED_SWIFT_STANDARD_LIBRARIES = YES;
				BUNDLE_LOADER = "$(TEST_HOST)";
				CODE_SIGN_STYLE = Automatic;
				CURRENT_PROJECT_VERSION = 1;
				DEVELOPMENT_TEAM = PCJW34NLVX;
				GENERATE_INFOPLIST_FILE = YES;
				IPHONEOS_DEPLOYMENT_TARGET = 15.5;
				MARKETING_VERSION = 1.0;
				PRODUCT_BUNDLE_IDENTIFIER = "com.rsam.workout-trackerTests";
				PRODUCT_NAME = "$(TARGET_NAME)";
				SWIFT_EMIT_LOC_STRINGS = NO;
				SWIFT_VERSION = 5.0;
				TARGETED_DEVICE_FAMILY = "1,2";
				TEST_HOST = "$(BUILT_PRODUCTS_DIR)/workout_tracker.app/workout_tracker";
			};
			name = Release;
		};
		7FA320B828A3F8F40071D835 /* Debug */ = {
			isa = XCBuildConfiguration;
			buildSettings = {
				ALWAYS_EMBED_SWIFT_STANDARD_LIBRARIES = YES;
				CODE_SIGN_STYLE = Automatic;
				CURRENT_PROJECT_VERSION = 1;
				DEVELOPMENT_TEAM = PCJW34NLVX;
				GENERATE_INFOPLIST_FILE = YES;
				MARKETING_VERSION = 1.0;
				PRODUCT_BUNDLE_IDENTIFIER = "com.rsam.workout-trackerUITests";
				PRODUCT_NAME = "$(TARGET_NAME)";
				SWIFT_EMIT_LOC_STRINGS = NO;
				SWIFT_VERSION = 5.0;
				TARGETED_DEVICE_FAMILY = "1,2";
				TEST_TARGET_NAME = workout_tracker;
			};
			name = Debug;
		};
		7FA320B928A3F8F40071D835 /* Release */ = {
			isa = XCBuildConfiguration;
			buildSettings = {
				ALWAYS_EMBED_SWIFT_STANDARD_LIBRARIES = YES;
				CODE_SIGN_STYLE = Automatic;
				CURRENT_PROJECT_VERSION = 1;
				DEVELOPMENT_TEAM = PCJW34NLVX;
				GENERATE_INFOPLIST_FILE = YES;
				MARKETING_VERSION = 1.0;
				PRODUCT_BUNDLE_IDENTIFIER = "com.rsam.workout-trackerUITests";
				PRODUCT_NAME = "$(TARGET_NAME)";
				SWIFT_EMIT_LOC_STRINGS = NO;
				SWIFT_VERSION = 5.0;
				TARGETED_DEVICE_FAMILY = "1,2";
				TEST_TARGET_NAME = workout_tracker;
			};
			name = Release;
		};
/* End XCBuildConfiguration section */

/* Begin XCConfigurationList section */
		7FA3208828A3F8F30071D835 /* Build configuration list for PBXProject "workout_tracker" */ = {
			isa = XCConfigurationList;
			buildConfigurations = (
				7FA320AF28A3F8F40071D835 /* Debug */,
				7FA320B028A3F8F40071D835 /* Release */,
			);
			defaultConfigurationIsVisible = 0;
			defaultConfigurationName = Release;
		};
		7FA320B128A3F8F40071D835 /* Build configuration list for PBXNativeTarget "workout_tracker" */ = {
			isa = XCConfigurationList;
			buildConfigurations = (
				7FA320B228A3F8F40071D835 /* Debug */,
				7FA320B328A3F8F40071D835 /* Release */,
			);
			defaultConfigurationIsVisible = 0;
			defaultConfigurationName = Release;
		};
		7FA320B428A3F8F40071D835 /* Build configuration list for PBXNativeTarget "workout_trackerTests" */ = {
			isa = XCConfigurationList;
			buildConfigurations = (
				7FA320B528A3F8F40071D835 /* Debug */,
				7FA320B628A3F8F40071D835 /* Release */,
			);
			defaultConfigurationIsVisible = 0;
			defaultConfigurationName = Release;
		};
		7FA320B728A3F8F40071D835 /* Build configuration list for PBXNativeTarget "workout_trackerUITests" */ = {
			isa = XCConfigurationList;
			buildConfigurations = (
				7FA320B828A3F8F40071D835 /* Debug */,
				7FA320B928A3F8F40071D835 /* Release */,
			);
			defaultConfigurationIsVisible = 0;
			defaultConfigurationName = Release;
		};
/* End XCConfigurationList section */

/* Begin XCRemoteSwiftPackageReference section */
		7F02754728A6ED2B009536CF /* XCRemoteSwiftPackageReference "firebase-ios-sdk" */ = {
			isa = XCRemoteSwiftPackageReference;
			repositoryURL = "https://github.com/firebase/firebase-ios-sdk";
			requirement = {
				branch = master;
				kind = branch;
			};
		};
		7F76389E29367FBC006D7D14 /* XCRemoteSwiftPackageReference "Charts" */ = {
			isa = XCRemoteSwiftPackageReference;
			repositoryURL = "https://github.com/danielgindi/Charts.git";
			requirement = {
				kind = upToNextMajorVersion;
				minimumVersion = 4.0.0;
			};
		};
		7FA56C0B28ECBB3500E977AC /* XCRemoteSwiftPackageReference "SwiftfulLoadingIndicators" */ = {
			isa = XCRemoteSwiftPackageReference;
			repositoryURL = "https://github.com/SwiftfulThinking/SwiftfulLoadingIndicators.git";
			requirement = {
				kind = upToNextMajorVersion;
				minimumVersion = 0.0.4;
			};
		};
		7FDA16FE293EAF8F00FCFC04 /* XCRemoteSwiftPackageReference "swift-trapezoid-shapes" */ = {
			isa = XCRemoteSwiftPackageReference;
			repositoryURL = "https://github.com/hellojoelhuber/swift-trapezoid-shapes";
			requirement = {
				kind = upToNextMajorVersion;
				minimumVersion = 1.0.0;
			};
		};
/* End XCRemoteSwiftPackageReference section */

/* Begin XCSwiftPackageProductDependency section */
		7F02754828A6ED2B009536CF /* FirebaseAuth */ = {
			isa = XCSwiftPackageProductDependency;
			package = 7F02754728A6ED2B009536CF /* XCRemoteSwiftPackageReference "firebase-ios-sdk" */;
			productName = FirebaseAuth;
		};
		7F02754A28A6ED2B009536CF /* FirebaseFirestore */ = {
			isa = XCSwiftPackageProductDependency;
			package = 7F02754728A6ED2B009536CF /* XCRemoteSwiftPackageReference "firebase-ios-sdk" */;
			productName = FirebaseFirestore;
		};
		7F02754C28A6ED2B009536CF /* FirebaseFirestoreSwift */ = {
			isa = XCSwiftPackageProductDependency;
			package = 7F02754728A6ED2B009536CF /* XCRemoteSwiftPackageReference "firebase-ios-sdk" */;
			productName = FirebaseFirestoreSwift;
		};
		7F76389F29367FBC006D7D14 /* Charts */ = {
			isa = XCSwiftPackageProductDependency;
			package = 7F76389E29367FBC006D7D14 /* XCRemoteSwiftPackageReference "Charts" */;
			productName = Charts;
		};
		7FA56C0C28ECBB3500E977AC /* SwiftfulLoadingIndicators */ = {
			isa = XCSwiftPackageProductDependency;
			package = 7FA56C0B28ECBB3500E977AC /* XCRemoteSwiftPackageReference "SwiftfulLoadingIndicators" */;
			productName = SwiftfulLoadingIndicators;
		};
		7FDA16FF293EAF8F00FCFC04 /* TrapezoidShapes */ = {
			isa = XCSwiftPackageProductDependency;
			package = 7FDA16FE293EAF8F00FCFC04 /* XCRemoteSwiftPackageReference "swift-trapezoid-shapes" */;
			productName = TrapezoidShapes;
		};
/* End XCSwiftPackageProductDependency section */
	};
	rootObject = 7FA3208528A3F8F30071D835 /* Project object */;
}
