// !$*UTF8*$!
{
	archiveVersion = 1;
	classes = {
	};
	objectVersion = 55;
	objects = {

/* Begin PBXBuildFile section */
		7F02753228A5A2E9009536CF /* TemplatesView.swift in Sources */ = {isa = PBXBuildFile; fileRef = 7F02753128A5A2E9009536CF /* TemplatesView.swift */; };
		7F02753828A5A42E009536CF /* AddNewHeaderView.swift in Sources */ = {isa = PBXBuildFile; fileRef = 7F02753728A5A42E009536CF /* AddNewHeaderView.swift */; };
		7F02753A28A5A6B7009536CF /* TemplatesViewModel.swift in Sources */ = {isa = PBXBuildFile; fileRef = 7F02753928A5A6B7009536CF /* TemplatesViewModel.swift */; };
		7F02753D28A5A932009536CF /* TemplateGridView.swift in Sources */ = {isa = PBXBuildFile; fileRef = 7F02753C28A5A932009536CF /* TemplateGridView.swift */; };
		7F02754228A6B362009536CF /* AddExerciseView.swift in Sources */ = {isa = PBXBuildFile; fileRef = 7F02754128A6B362009536CF /* AddExerciseView.swift */; };
		7F02754428A6E968009536CF /* Exercise.swift in Sources */ = {isa = PBXBuildFile; fileRef = 7F02754328A6E968009536CF /* Exercise.swift */; };
		7F02754928A6ED2B009536CF /* FirebaseAuth in Frameworks */ = {isa = PBXBuildFile; productRef = 7F02754828A6ED2B009536CF /* FirebaseAuth */; };
		7F02754B28A6ED2B009536CF /* FirebaseFirestore in Frameworks */ = {isa = PBXBuildFile; productRef = 7F02754A28A6ED2B009536CF /* FirebaseFirestore */; };
		7F02754D28A6ED2B009536CF /* FirebaseFirestoreSwift in Frameworks */ = {isa = PBXBuildFile; productRef = 7F02754C28A6ED2B009536CF /* FirebaseFirestoreSwift */; };
		7FA3209128A3F8F30071D835 /* workout_trackerApp.swift in Sources */ = {isa = PBXBuildFile; fileRef = 7FA3209028A3F8F30071D835 /* workout_trackerApp.swift */; };
		7FA3209328A3F8F30071D835 /* ContentView.swift in Sources */ = {isa = PBXBuildFile; fileRef = 7FA3209228A3F8F30071D835 /* ContentView.swift */; };
		7FA3209528A3F8F30071D835 /* Assets.xcassets in Resources */ = {isa = PBXBuildFile; fileRef = 7FA3209428A3F8F30071D835 /* Assets.xcassets */; };
		7FA3209828A3F8F30071D835 /* Preview Assets.xcassets in Resources */ = {isa = PBXBuildFile; fileRef = 7FA3209728A3F8F30071D835 /* Preview Assets.xcassets */; };
		7FA320A228A3F8F40071D835 /* workout_trackerTests.swift in Sources */ = {isa = PBXBuildFile; fileRef = 7FA320A128A3F8F40071D835 /* workout_trackerTests.swift */; };
		7FA320AC28A3F8F40071D835 /* workout_trackerUITests.swift in Sources */ = {isa = PBXBuildFile; fileRef = 7FA320AB28A3F8F40071D835 /* workout_trackerUITests.swift */; };
		7FA320AE28A3F8F40071D835 /* workout_trackerUITestsLaunchTests.swift in Sources */ = {isa = PBXBuildFile; fileRef = 7FA320AD28A3F8F40071D835 /* workout_trackerUITestsLaunchTests.swift */; };
		7FA320C128A3FDA20071D835 /* MainTabView.swift in Sources */ = {isa = PBXBuildFile; fileRef = 7FA320C028A3FDA20071D835 /* MainTabView.swift */; };
		7FA320C628A3FE7F0071D835 /* ExercisesView.swift in Sources */ = {isa = PBXBuildFile; fileRef = 7FA320C528A3FE7F0071D835 /* ExercisesView.swift */; };
		7FA320CC28A540C80071D835 /* TabBarViewModel.swift in Sources */ = {isa = PBXBuildFile; fileRef = 7FA320CB28A540C80071D835 /* TabBarViewModel.swift */; };
		7FA320CE28A544120071D835 /* PopUpMenuView.swift in Sources */ = {isa = PBXBuildFile; fileRef = 7FA320CD28A544120071D835 /* PopUpMenuView.swift */; };
		7FA320D028A548E70071D835 /* PopUpMenuViewModel.swift in Sources */ = {isa = PBXBuildFile; fileRef = 7FA320CF28A548E70071D835 /* PopUpMenuViewModel.swift */; };
		7FA320D228A551820071D835 /* SearchBar.swift in Sources */ = {isa = PBXBuildFile; fileRef = 7FA320D128A551820071D835 /* SearchBar.swift */; };
		7FA320D428A552DD0071D835 /* ExercisesViewModel.swift in Sources */ = {isa = PBXBuildFile; fileRef = 7FA320D328A552DD0071D835 /* ExercisesViewModel.swift */; };
		7FA320D928A5927D0071D835 /* ExerciseRowView.swift in Sources */ = {isa = PBXBuildFile; fileRef = 7FA320D828A5927D0071D835 /* ExerciseRowView.swift */; };
/* End PBXBuildFile section */

/* Begin PBXContainerItemProxy section */
		7FA3209E28A3F8F40071D835 /* PBXContainerItemProxy */ = {
			isa = PBXContainerItemProxy;
			containerPortal = 7FA3208528A3F8F30071D835 /* Project object */;
			proxyType = 1;
			remoteGlobalIDString = 7FA3208C28A3F8F30071D835;
			remoteInfo = workout_tracker;
		};
		7FA320A828A3F8F40071D835 /* PBXContainerItemProxy */ = {
			isa = PBXContainerItemProxy;
			containerPortal = 7FA3208528A3F8F30071D835 /* Project object */;
			proxyType = 1;
			remoteGlobalIDString = 7FA3208C28A3F8F30071D835;
			remoteInfo = workout_tracker;
		};
/* End PBXContainerItemProxy section */

/* Begin PBXFileReference section */
		7F02753128A5A2E9009536CF /* TemplatesView.swift */ = {isa = PBXFileReference; lastKnownFileType = sourcecode.swift; path = TemplatesView.swift; sourceTree = "<group>"; };
		7F02753728A5A42E009536CF /* AddNewHeaderView.swift */ = {isa = PBXFileReference; lastKnownFileType = sourcecode.swift; path = AddNewHeaderView.swift; sourceTree = "<group>"; };
		7F02753928A5A6B7009536CF /* TemplatesViewModel.swift */ = {isa = PBXFileReference; lastKnownFileType = sourcecode.swift; path = TemplatesViewModel.swift; sourceTree = "<group>"; };
		7F02753C28A5A932009536CF /* TemplateGridView.swift */ = {isa = PBXFileReference; lastKnownFileType = sourcecode.swift; path = TemplateGridView.swift; sourceTree = "<group>"; };
		7F02754128A6B362009536CF /* AddExerciseView.swift */ = {isa = PBXFileReference; lastKnownFileType = sourcecode.swift; path = AddExerciseView.swift; sourceTree = "<group>"; };
		7F02754328A6E968009536CF /* Exercise.swift */ = {isa = PBXFileReference; lastKnownFileType = sourcecode.swift; path = Exercise.swift; sourceTree = "<group>"; };
		7FA3208D28A3F8F30071D835 /* workout_tracker.app */ = {isa = PBXFileReference; explicitFileType = wrapper.application; includeInIndex = 0; path = workout_tracker.app; sourceTree = BUILT_PRODUCTS_DIR; };
		7FA3209028A3F8F30071D835 /* workout_trackerApp.swift */ = {isa = PBXFileReference; lastKnownFileType = sourcecode.swift; path = workout_trackerApp.swift; sourceTree = "<group>"; };
		7FA3209228A3F8F30071D835 /* ContentView.swift */ = {isa = PBXFileReference; lastKnownFileType = sourcecode.swift; path = ContentView.swift; sourceTree = "<group>"; };
		7FA3209428A3F8F30071D835 /* Assets.xcassets */ = {isa = PBXFileReference; lastKnownFileType = folder.assetcatalog; path = Assets.xcassets; sourceTree = "<group>"; };
		7FA3209728A3F8F30071D835 /* Preview Assets.xcassets */ = {isa = PBXFileReference; lastKnownFileType = folder.assetcatalog; path = "Preview Assets.xcassets"; sourceTree = "<group>"; };
		7FA3209D28A3F8F40071D835 /* workout_trackerTests.xctest */ = {isa = PBXFileReference; explicitFileType = wrapper.cfbundle; includeInIndex = 0; path = workout_trackerTests.xctest; sourceTree = BUILT_PRODUCTS_DIR; };
		7FA320A128A3F8F40071D835 /* workout_trackerTests.swift */ = {isa = PBXFileReference; lastKnownFileType = sourcecode.swift; path = workout_trackerTests.swift; sourceTree = "<group>"; };
		7FA320A728A3F8F40071D835 /* workout_trackerUITests.xctest */ = {isa = PBXFileReference; explicitFileType = wrapper.cfbundle; includeInIndex = 0; path = workout_trackerUITests.xctest; sourceTree = BUILT_PRODUCTS_DIR; };
		7FA320AB28A3F8F40071D835 /* workout_trackerUITests.swift */ = {isa = PBXFileReference; lastKnownFileType = sourcecode.swift; path = workout_trackerUITests.swift; sourceTree = "<group>"; };
		7FA320AD28A3F8F40071D835 /* workout_trackerUITestsLaunchTests.swift */ = {isa = PBXFileReference; lastKnownFileType = sourcecode.swift; path = workout_trackerUITestsLaunchTests.swift; sourceTree = "<group>"; };
		7FA320C028A3FDA20071D835 /* MainTabView.swift */ = {isa = PBXFileReference; lastKnownFileType = sourcecode.swift; path = MainTabView.swift; sourceTree = "<group>"; };
		7FA320C528A3FE7F0071D835 /* ExercisesView.swift */ = {isa = PBXFileReference; lastKnownFileType = sourcecode.swift; path = ExercisesView.swift; sourceTree = "<group>"; };
		7FA320CB28A540C80071D835 /* TabBarViewModel.swift */ = {isa = PBXFileReference; fileEncoding = 4; lastKnownFileType = sourcecode.swift; name = TabBarViewModel.swift; path = ../../../../../../../../.Trash/TabBarViewModel.swift; sourceTree = "<group>"; };
		7FA320CD28A544120071D835 /* PopUpMenuView.swift */ = {isa = PBXFileReference; lastKnownFileType = sourcecode.swift; path = PopUpMenuView.swift; sourceTree = "<group>"; };
		7FA320CF28A548E70071D835 /* PopUpMenuViewModel.swift */ = {isa = PBXFileReference; lastKnownFileType = sourcecode.swift; path = PopUpMenuViewModel.swift; sourceTree = "<group>"; };
		7FA320D128A551820071D835 /* SearchBar.swift */ = {isa = PBXFileReference; lastKnownFileType = sourcecode.swift; path = SearchBar.swift; sourceTree = "<group>"; };
		7FA320D328A552DD0071D835 /* ExercisesViewModel.swift */ = {isa = PBXFileReference; lastKnownFileType = sourcecode.swift; path = ExercisesViewModel.swift; sourceTree = "<group>"; };
		7FA320D828A5927D0071D835 /* ExerciseRowView.swift */ = {isa = PBXFileReference; lastKnownFileType = sourcecode.swift; path = ExerciseRowView.swift; sourceTree = "<group>"; };
/* End PBXFileReference section */

/* Begin PBXFrameworksBuildPhase section */
		7FA3208A28A3F8F30071D835 /* Frameworks */ = {
			isa = PBXFrameworksBuildPhase;
			buildActionMask = 2147483647;
			files = (
				7F02754928A6ED2B009536CF /* FirebaseAuth in Frameworks */,
				7F02754B28A6ED2B009536CF /* FirebaseFirestore in Frameworks */,
				7F02754D28A6ED2B009536CF /* FirebaseFirestoreSwift in Frameworks */,
			);
			runOnlyForDeploymentPostprocessing = 0;
		};
		7FA3209A28A3F8F40071D835 /* Frameworks */ = {
			isa = PBXFrameworksBuildPhase;
			buildActionMask = 2147483647;
			files = (
			);
			runOnlyForDeploymentPostprocessing = 0;
		};
		7FA320A428A3F8F40071D835 /* Frameworks */ = {
			isa = PBXFrameworksBuildPhase;
			buildActionMask = 2147483647;
			files = (
			);
			runOnlyForDeploymentPostprocessing = 0;
		};
/* End PBXFrameworksBuildPhase section */

/* Begin PBXGroup section */
		7F02752C28A59EC5009536CF /* Templates */ = {
			isa = PBXGroup;
			children = (
				7F02753028A5A2CF009536CF /* ViewModel */,
				7F02752F28A5A2CB009536CF /* Views */,
			);
			path = Templates;
			sourceTree = "<group>";
		};
		7F02752D28A59ECB009536CF /* History */ = {
			isa = PBXGroup;
			children = (
			);
			path = History;
			sourceTree = "<group>";
		};
		7F02752E28A59ED3009536CF /* Visualize */ = {
			isa = PBXGroup;
			children = (
			);
			path = Visualize;
			sourceTree = "<group>";
		};
		7F02752F28A5A2CB009536CF /* Views */ = {
			isa = PBXGroup;
			children = (
				7F02753128A5A2E9009536CF /* TemplatesView.swift */,
			);
			path = Views;
			sourceTree = "<group>";
		};
		7F02753028A5A2CF009536CF /* ViewModel */ = {
			isa = PBXGroup;
			children = (
				7F02753928A5A6B7009536CF /* TemplatesViewModel.swift */,
			);
			path = ViewModel;
			sourceTree = "<group>";
		};
		7F02753628A5A40C009536CF /* Header */ = {
			isa = PBXGroup;
			children = (
				7F02753728A5A42E009536CF /* AddNewHeaderView.swift */,
			);
			path = Header;
			sourceTree = "<group>";
		};
		7F02753B28A5A915009536CF /* Template */ = {
			isa = PBXGroup;
			children = (
				7F02753C28A5A932009536CF /* TemplateGridView.swift */,
			);
			path = Template;
			sourceTree = "<group>";
		};
		7F02753E28A6B31B009536CF /* AddExercise */ = {
			isa = PBXGroup;
			children = (
				7F02754028A6B342009536CF /* ViewModels */,
				7F02753F28A6B33F009536CF /* View */,
			);
			path = AddExercise;
			sourceTree = "<group>";
		};
		7F02753F28A6B33F009536CF /* View */ = {
			isa = PBXGroup;
			children = (
				7F02754128A6B362009536CF /* AddExerciseView.swift */,
			);
			path = View;
			sourceTree = "<group>";
		};
		7F02754028A6B342009536CF /* ViewModels */ = {
			isa = PBXGroup;
			children = (
			);
			path = ViewModels;
			sourceTree = "<group>";
		};
		7FA3208428A3F8F30071D835 = {
			isa = PBXGroup;
			children = (
				7FA3208F28A3F8F30071D835 /* workout_tracker */,
				7FA320A028A3F8F40071D835 /* workout_trackerTests */,
				7FA320AA28A3F8F40071D835 /* workout_trackerUITests */,
				7FA3208E28A3F8F30071D835 /* Products */,
			);
			sourceTree = "<group>";
		};
		7FA3208E28A3F8F30071D835 /* Products */ = {
			isa = PBXGroup;
			children = (
				7FA3208D28A3F8F30071D835 /* workout_tracker.app */,
				7FA3209D28A3F8F40071D835 /* workout_trackerTests.xctest */,
				7FA320A728A3F8F40071D835 /* workout_trackerUITests.xctest */,
			);
			name = Products;
			sourceTree = "<group>";
		};
		7FA3208F28A3F8F30071D835 /* workout_tracker */ = {
			isa = PBXGroup;
			children = (
				7FA320BA28A3FC480071D835 /* Model */,
				7FA320BB28A3FC660071D835 /* Service */,
				7FA320BC28A3FC6D0071D835 /* Core */,
				7FA320C228A3FE1E0071D835 /* Exercises */,
				7F02753E28A6B31B009536CF /* AddExercise */,
				7F02752C28A59EC5009536CF /* Templates */,
				7F02752D28A59ECB009536CF /* History */,
				7F02752E28A59ED3009536CF /* Visualize */,
				7FA3209028A3F8F30071D835 /* workout_trackerApp.swift */,
				7FA3209228A3F8F30071D835 /* ContentView.swift */,
				7FA3209428A3F8F30071D835 /* Assets.xcassets */,
				7FA3209628A3F8F30071D835 /* Preview Content */,
			);
			path = workout_tracker;
			sourceTree = "<group>";
		};
		7FA3209628A3F8F30071D835 /* Preview Content */ = {
			isa = PBXGroup;
			children = (
				7FA3209728A3F8F30071D835 /* Preview Assets.xcassets */,
			);
			path = "Preview Content";
			sourceTree = "<group>";
		};
		7FA320A028A3F8F40071D835 /* workout_trackerTests */ = {
			isa = PBXGroup;
			children = (
				7FA320A128A3F8F40071D835 /* workout_trackerTests.swift */,
			);
			path = workout_trackerTests;
			sourceTree = "<group>";
		};
		7FA320AA28A3F8F40071D835 /* workout_trackerUITests */ = {
			isa = PBXGroup;
			children = (
				7FA320AB28A3F8F40071D835 /* workout_trackerUITests.swift */,
				7FA320AD28A3F8F40071D835 /* workout_trackerUITestsLaunchTests.swift */,
			);
			path = workout_trackerUITests;
			sourceTree = "<group>";
		};
		7FA320BA28A3FC480071D835 /* Model */ = {
			isa = PBXGroup;
			children = (
				7F02754328A6E968009536CF /* Exercise.swift */,
			);
			path = Model;
			sourceTree = "<group>";
		};
		7FA320BB28A3FC660071D835 /* Service */ = {
			isa = PBXGroup;
			children = (
			);
			path = Service;
			sourceTree = "<group>";
		};
		7FA320BC28A3FC6D0071D835 /* Core */ = {
			isa = PBXGroup;
			children = (
				7FA320BD28A3FCA20071D835 /* Components */,
				7FA320BE28A3FCAB0071D835 /* Authentication */,
				7FA320BF28A3FCB40071D835 /* TabBar */,
			);
			path = Core;
			sourceTree = "<group>";
		};
		7FA320BD28A3FCA20071D835 /* Components */ = {
			isa = PBXGroup;
			children = (
				7F02753628A5A40C009536CF /* Header */,
				7FA320D528A592540071D835 /* Exercise */,
				7F02753B28A5A915009536CF /* Template */,
				7FA320D128A551820071D835 /* SearchBar.swift */,
			);
			path = Components;
			sourceTree = "<group>";
		};
		7FA320BE28A3FCAB0071D835 /* Authentication */ = {
			isa = PBXGroup;
			children = (
			);
			path = Authentication;
			sourceTree = "<group>";
		};
		7FA320BF28A3FCB40071D835 /* TabBar */ = {
			isa = PBXGroup;
			children = (
				7FA320C828A416490071D835 /* ViewModel */,
				7FA320C728A4163D0071D835 /* Views */,
			);
			path = TabBar;
			sourceTree = "<group>";
		};
		7FA320C228A3FE1E0071D835 /* Exercises */ = {
			isa = PBXGroup;
			children = (
				7FA320C428A3FE690071D835 /* ViewModels */,
				7FA320C328A3FE5B0071D835 /* View */,
			);
			path = Exercises;
			sourceTree = "<group>";
		};
		7FA320C328A3FE5B0071D835 /* View */ = {
			isa = PBXGroup;
			children = (
				7FA320C528A3FE7F0071D835 /* ExercisesView.swift */,
			);
			path = View;
			sourceTree = "<group>";
		};
		7FA320C428A3FE690071D835 /* ViewModels */ = {
			isa = PBXGroup;
			children = (
				7FA320D328A552DD0071D835 /* ExercisesViewModel.swift */,
			);
			path = ViewModels;
			sourceTree = "<group>";
		};
		7FA320C728A4163D0071D835 /* Views */ = {
			isa = PBXGroup;
			children = (
				7FA320C028A3FDA20071D835 /* MainTabView.swift */,
				7FA320CD28A544120071D835 /* PopUpMenuView.swift */,
			);
			path = Views;
			sourceTree = "<group>";
		};
		7FA320C828A416490071D835 /* ViewModel */ = {
			isa = PBXGroup;
			children = (
				7FA320CB28A540C80071D835 /* TabBarViewModel.swift */,
				7FA320CF28A548E70071D835 /* PopUpMenuViewModel.swift */,
			);
			path = ViewModel;
			sourceTree = "<group>";
		};
		7FA320D528A592540071D835 /* Exercise */ = {
			isa = PBXGroup;
			children = (
				7FA320D828A5927D0071D835 /* ExerciseRowView.swift */,
			);
			path = Exercise;
			sourceTree = "<group>";
		};
/* End PBXGroup section */

/* Begin PBXNativeTarget section */
		7FA3208C28A3F8F30071D835 /* workout_tracker */ = {
			isa = PBXNativeTarget;
			buildConfigurationList = 7FA320B128A3F8F40071D835 /* Build configuration list for PBXNativeTarget "workout_tracker" */;
			buildPhases = (
				7FA3208928A3F8F30071D835 /* Sources */,
				7FA3208A28A3F8F30071D835 /* Frameworks */,
				7FA3208B28A3F8F30071D835 /* Resources */,
			);
			buildRules = (
			);
			dependencies = (
			);
			name = workout_tracker;
			packageProductDependencies = (
				7F02754828A6ED2B009536CF /* FirebaseAuth */,
				7F02754A28A6ED2B009536CF /* FirebaseFirestore */,
				7F02754C28A6ED2B009536CF /* FirebaseFirestoreSwift */,
			);
			productName = workout_tracker;
			productReference = 7FA3208D28A3F8F30071D835 /* workout_tracker.app */;
			productType = "com.apple.product-type.application";
		};
		7FA3209C28A3F8F40071D835 /* workout_trackerTests */ = {
			isa = PBXNativeTarget;
			buildConfigurationList = 7FA320B428A3F8F40071D835 /* Build configuration list for PBXNativeTarget "workout_trackerTests" */;
			buildPhases = (
				7FA3209928A3F8F40071D835 /* Sources */,
				7FA3209A28A3F8F40071D835 /* Frameworks */,
				7FA3209B28A3F8F40071D835 /* Resources */,
			);
			buildRules = (
			);
			dependencies = (
				7FA3209F28A3F8F40071D835 /* PBXTargetDependency */,
			);
			name = workout_trackerTests;
			productName = workout_trackerTests;
			productReference = 7FA3209D28A3F8F40071D835 /* workout_trackerTests.xctest */;
			productType = "com.apple.product-type.bundle.unit-test";
		};
		7FA320A628A3F8F40071D835 /* workout_trackerUITests */ = {
			isa = PBXNativeTarget;
			buildConfigurationList = 7FA320B728A3F8F40071D835 /* Build configuration list for PBXNativeTarget "workout_trackerUITests" */;
			buildPhases = (
				7FA320A328A3F8F40071D835 /* Sources */,
				7FA320A428A3F8F40071D835 /* Frameworks */,
				7FA320A528A3F8F40071D835 /* Resources */,
			);
			buildRules = (
			);
			dependencies = (
				7FA320A928A3F8F40071D835 /* PBXTargetDependency */,
			);
			name = workout_trackerUITests;
			productName = workout_trackerUITests;
			productReference = 7FA320A728A3F8F40071D835 /* workout_trackerUITests.xctest */;
			productType = "com.apple.product-type.bundle.ui-testing";
		};
/* End PBXNativeTarget section */

/* Begin PBXProject section */
		7FA3208528A3F8F30071D835 /* Project object */ = {
			isa = PBXProject;
			attributes = {
				BuildIndependentTargetsInParallel = 1;
				LastSwiftUpdateCheck = 1340;
				LastUpgradeCheck = 1340;
				TargetAttributes = {
					7FA3208C28A3F8F30071D835 = {
						CreatedOnToolsVersion = 13.4;
					};
					7FA3209C28A3F8F40071D835 = {
						CreatedOnToolsVersion = 13.4;
						TestTargetID = 7FA3208C28A3F8F30071D835;
					};
					7FA320A628A3F8F40071D835 = {
						CreatedOnToolsVersion = 13.4;
						TestTargetID = 7FA3208C28A3F8F30071D835;
					};
				};
			};
			buildConfigurationList = 7FA3208828A3F8F30071D835 /* Build configuration list for PBXProject "workout_tracker" */;
			compatibilityVersion = "Xcode 13.0";
			developmentRegion = en;
			hasScannedForEncodings = 0;
			knownRegions = (
				en,
				Base,
			);
			mainGroup = 7FA3208428A3F8F30071D835;
			packageReferences = (
				7F02754728A6ED2B009536CF /* XCRemoteSwiftPackageReference "firebase-ios-sdk" */,
			);
			productRefGroup = 7FA3208E28A3F8F30071D835 /* Products */;
			projectDirPath = "";
			projectRoot = "";
			targets = (
				7FA3208C28A3F8F30071D835 /* workout_tracker */,
				7FA3209C28A3F8F40071D835 /* workout_trackerTests */,
				7FA320A628A3F8F40071D835 /* workout_trackerUITests */,
			);
		};
/* End PBXProject section */

/* Begin PBXResourcesBuildPhase section */
		7FA3208B28A3F8F30071D835 /* Resources */ = {
			isa = PBXResourcesBuildPhase;
			buildActionMask = 2147483647;
			files = (
				7FA3209828A3F8F30071D835 /* Preview Assets.xcassets in Resources */,
				7FA3209528A3F8F30071D835 /* Assets.xcassets in Resources */,
			);
			runOnlyForDeploymentPostprocessing = 0;
		};
		7FA3209B28A3F8F40071D835 /* Resources */ = {
			isa = PBXResourcesBuildPhase;
			buildActionMask = 2147483647;
			files = (
			);
			runOnlyForDeploymentPostprocessing = 0;
		};
		7FA320A528A3F8F40071D835 /* Resources */ = {
			isa = PBXResourcesBuildPhase;
			buildActionMask = 2147483647;
			files = (
			);
			runOnlyForDeploymentPostprocessing = 0;
		};
/* End PBXResourcesBuildPhase section */

/* Begin PBXSourcesBuildPhase section */
		7FA3208928A3F8F30071D835 /* Sources */ = {
			isa = PBXSourcesBuildPhase;
			buildActionMask = 2147483647;
			files = (
				7FA320CC28A540C80071D835 /* TabBarViewModel.swift in Sources */,
				7F02754428A6E968009536CF /* Exercise.swift in Sources */,
				7FA320C628A3FE7F0071D835 /* ExercisesView.swift in Sources */,
				7FA3209328A3F8F30071D835 /* ContentView.swift in Sources */,
				7FA320D428A552DD0071D835 /* ExercisesViewModel.swift in Sources */,
				7F02753828A5A42E009536CF /* AddNewHeaderView.swift in Sources */,
				7FA3209128A3F8F30071D835 /* workout_trackerApp.swift in Sources */,
				7FA320D028A548E70071D835 /* PopUpMenuViewModel.swift in Sources */,
				7FA320D228A551820071D835 /* SearchBar.swift in Sources */,
				7F02753A28A5A6B7009536CF /* TemplatesViewModel.swift in Sources */,
				7FA320D928A5927D0071D835 /* ExerciseRowView.swift in Sources */,
				7F02753D28A5A932009536CF /* TemplateGridView.swift in Sources */,
				7FA320CE28A544120071D835 /* PopUpMenuView.swift in Sources */,
				7FA320C128A3FDA20071D835 /* MainTabView.swift in Sources */,
				7F02754228A6B362009536CF /* AddExerciseView.swift in Sources */,
				7F02753228A5A2E9009536CF /* TemplatesView.swift in Sources */,
			);
			runOnlyForDeploymentPostprocessing = 0;
		};
		7FA3209928A3F8F40071D835 /* Sources */ = {
			isa = PBXSourcesBuildPhase;
			buildActionMask = 2147483647;
			files = (
				7FA320A228A3F8F40071D835 /* workout_trackerTests.swift in Sources */,
			);
			runOnlyForDeploymentPostprocessing = 0;
		};
		7FA320A328A3F8F40071D835 /* Sources */ = {
			isa = PBXSourcesBuildPhase;
			buildActionMask = 2147483647;
			files = (
				7FA320AC28A3F8F40071D835 /* workout_trackerUITests.swift in Sources */,
				7FA320AE28A3F8F40071D835 /* workout_trackerUITestsLaunchTests.swift in Sources */,
			);
			runOnlyForDeploymentPostprocessing = 0;
		};
/* End PBXSourcesBuildPhase section */

/* Begin PBXTargetDependency section */
		7FA3209F28A3F8F40071D835 /* PBXTargetDependency */ = {
			isa = PBXTargetDependency;
			target = 7FA3208C28A3F8F30071D835 /* workout_tracker */;
			targetProxy = 7FA3209E28A3F8F40071D835 /* PBXContainerItemProxy */;
		};
		7FA320A928A3F8F40071D835 /* PBXTargetDependency */ = {
			isa = PBXTargetDependency;
			target = 7FA3208C28A3F8F30071D835 /* workout_tracker */;
			targetProxy = 7FA320A828A3F8F40071D835 /* PBXContainerItemProxy */;
		};
/* End PBXTargetDependency section */

/* Begin XCBuildConfiguration section */
		7FA320AF28A3F8F40071D835 /* Debug */ = {
			isa = XCBuildConfiguration;
			buildSettings = {
				ALWAYS_SEARCH_USER_PATHS = NO;
				CLANG_ANALYZER_NONNULL = YES;
				CLANG_ANALYZER_NUMBER_OBJECT_CONVERSION = YES_AGGRESSIVE;
				CLANG_CXX_LANGUAGE_STANDARD = "gnu++17";
				CLANG_ENABLE_MODULES = YES;
				CLANG_ENABLE_OBJC_ARC = YES;
				CLANG_ENABLE_OBJC_WEAK = YES;
				CLANG_WARN_BLOCK_CAPTURE_AUTORELEASING = YES;
				CLANG_WARN_BOOL_CONVERSION = YES;
				CLANG_WARN_COMMA = YES;
				CLANG_WARN_CONSTANT_CONVERSION = YES;
				CLANG_WARN_DEPRECATED_OBJC_IMPLEMENTATIONS = YES;
				CLANG_WARN_DIRECT_OBJC_ISA_USAGE = YES_ERROR;
				CLANG_WARN_DOCUMENTATION_COMMENTS = YES;
				CLANG_WARN_EMPTY_BODY = YES;
				CLANG_WARN_ENUM_CONVERSION = YES;
				CLANG_WARN_INFINITE_RECURSION = YES;
				CLANG_WARN_INT_CONVERSION = YES;
				CLANG_WARN_NON_LITERAL_NULL_CONVERSION = YES;
				CLANG_WARN_OBJC_IMPLICIT_RETAIN_SELF = YES;
				CLANG_WARN_OBJC_LITERAL_CONVERSION = YES;
				CLANG_WARN_OBJC_ROOT_CLASS = YES_ERROR;
				CLANG_WARN_QUOTED_INCLUDE_IN_FRAMEWORK_HEADER = YES;
				CLANG_WARN_RANGE_LOOP_ANALYSIS = YES;
				CLANG_WARN_STRICT_PROTOTYPES = YES;
				CLANG_WARN_SUSPICIOUS_MOVE = YES;
				CLANG_WARN_UNGUARDED_AVAILABILITY = YES_AGGRESSIVE;
				CLANG_WARN_UNREACHABLE_CODE = YES;
				CLANG_WARN__DUPLICATE_METHOD_MATCH = YES;
				COPY_PHASE_STRIP = NO;
				DEBUG_INFORMATION_FORMAT = dwarf;
				ENABLE_STRICT_OBJC_MSGSEND = YES;
				ENABLE_TESTABILITY = YES;
				GCC_C_LANGUAGE_STANDARD = gnu11;
				GCC_DYNAMIC_NO_PIC = NO;
				GCC_NO_COMMON_BLOCKS = YES;
				GCC_OPTIMIZATION_LEVEL = 0;
				GCC_PREPROCESSOR_DEFINITIONS = (
					"DEBUG=1",
					"$(inherited)",
				);
				GCC_WARN_64_TO_32_BIT_CONVERSION = YES;
				GCC_WARN_ABOUT_RETURN_TYPE = YES_ERROR;
				GCC_WARN_UNDECLARED_SELECTOR = YES;
				GCC_WARN_UNINITIALIZED_AUTOS = YES_AGGRESSIVE;
				GCC_WARN_UNUSED_FUNCTION = YES;
				GCC_WARN_UNUSED_VARIABLE = YES;
				IPHONEOS_DEPLOYMENT_TARGET = 15.5;
				MTL_ENABLE_DEBUG_INFO = INCLUDE_SOURCE;
				MTL_FAST_MATH = YES;
				ONLY_ACTIVE_ARCH = YES;
				SDKROOT = iphoneos;
				SWIFT_ACTIVE_COMPILATION_CONDITIONS = DEBUG;
				SWIFT_OPTIMIZATION_LEVEL = "-Onone";
			};
			name = Debug;
		};
		7FA320B028A3F8F40071D835 /* Release */ = {
			isa = XCBuildConfiguration;
			buildSettings = {
				ALWAYS_SEARCH_USER_PATHS = NO;
				CLANG_ANALYZER_NONNULL = YES;
				CLANG_ANALYZER_NUMBER_OBJECT_CONVERSION = YES_AGGRESSIVE;
				CLANG_CXX_LANGUAGE_STANDARD = "gnu++17";
				CLANG_ENABLE_MODULES = YES;
				CLANG_ENABLE_OBJC_ARC = YES;
				CLANG_ENABLE_OBJC_WEAK = YES;
				CLANG_WARN_BLOCK_CAPTURE_AUTORELEASING = YES;
				CLANG_WARN_BOOL_CONVERSION = YES;
				CLANG_WARN_COMMA = YES;
				CLANG_WARN_CONSTANT_CONVERSION = YES;
				CLANG_WARN_DEPRECATED_OBJC_IMPLEMENTATIONS = YES;
				CLANG_WARN_DIRECT_OBJC_ISA_USAGE = YES_ERROR;
				CLANG_WARN_DOCUMENTATION_COMMENTS = YES;
				CLANG_WARN_EMPTY_BODY = YES;
				CLANG_WARN_ENUM_CONVERSION = YES;
				CLANG_WARN_INFINITE_RECURSION = YES;
				CLANG_WARN_INT_CONVERSION = YES;
				CLANG_WARN_NON_LITERAL_NULL_CONVERSION = YES;
				CLANG_WARN_OBJC_IMPLICIT_RETAIN_SELF = YES;
				CLANG_WARN_OBJC_LITERAL_CONVERSION = YES;
				CLANG_WARN_OBJC_ROOT_CLASS = YES_ERROR;
				CLANG_WARN_QUOTED_INCLUDE_IN_FRAMEWORK_HEADER = YES;
				CLANG_WARN_RANGE_LOOP_ANALYSIS = YES;
				CLANG_WARN_STRICT_PROTOTYPES = YES;
				CLANG_WARN_SUSPICIOUS_MOVE = YES;
				CLANG_WARN_UNGUARDED_AVAILABILITY = YES_AGGRESSIVE;
				CLANG_WARN_UNREACHABLE_CODE = YES;
				CLANG_WARN__DUPLICATE_METHOD_MATCH = YES;
				COPY_PHASE_STRIP = NO;
				DEBUG_INFORMATION_FORMAT = "dwarf-with-dsym";
				ENABLE_NS_ASSERTIONS = NO;
				ENABLE_STRICT_OBJC_MSGSEND = YES;
				GCC_C_LANGUAGE_STANDARD = gnu11;
				GCC_NO_COMMON_BLOCKS = YES;
				GCC_WARN_64_TO_32_BIT_CONVERSION = YES;
				GCC_WARN_ABOUT_RETURN_TYPE = YES_ERROR;
				GCC_WARN_UNDECLARED_SELECTOR = YES;
				GCC_WARN_UNINITIALIZED_AUTOS = YES_AGGRESSIVE;
				GCC_WARN_UNUSED_FUNCTION = YES;
				GCC_WARN_UNUSED_VARIABLE = YES;
				IPHONEOS_DEPLOYMENT_TARGET = 15.5;
				MTL_ENABLE_DEBUG_INFO = NO;
				MTL_FAST_MATH = YES;
				SDKROOT = iphoneos;
				SWIFT_COMPILATION_MODE = wholemodule;
				SWIFT_OPTIMIZATION_LEVEL = "-O";
				VALIDATE_PRODUCT = YES;
			};
			name = Release;
		};
		7FA320B228A3F8F40071D835 /* Debug */ = {
			isa = XCBuildConfiguration;
			buildSettings = {
				ASSETCATALOG_COMPILER_APPICON_NAME = AppIcon;
				ASSETCATALOG_COMPILER_GLOBAL_ACCENT_COLOR_NAME = AccentColor;
				CODE_SIGN_STYLE = Automatic;
				CURRENT_PROJECT_VERSION = 1;
				DEVELOPMENT_ASSET_PATHS = "\"workout_tracker/Preview Content\"";
				DEVELOPMENT_TEAM = PCJW34NLVX;
				ENABLE_PREVIEWS = YES;
				GENERATE_INFOPLIST_FILE = YES;
				INFOPLIST_KEY_UIApplicationSceneManifest_Generation = YES;
				INFOPLIST_KEY_UIApplicationSupportsIndirectInputEvents = YES;
				INFOPLIST_KEY_UILaunchScreen_Generation = YES;
				INFOPLIST_KEY_UISupportedInterfaceOrientations_iPad = "UIInterfaceOrientationPortrait UIInterfaceOrientationPortraitUpsideDown UIInterfaceOrientationLandscapeLeft UIInterfaceOrientationLandscapeRight";
				INFOPLIST_KEY_UISupportedInterfaceOrientations_iPhone = "UIInterfaceOrientationPortrait UIInterfaceOrientationLandscapeLeft UIInterfaceOrientationLandscapeRight";
				LD_RUNPATH_SEARCH_PATHS = (
					"$(inherited)",
					"@executable_path/Frameworks",
				);
				MARKETING_VERSION = 1.0;
				PRODUCT_BUNDLE_IDENTIFIER = "com.rsam.workout-tracker";
				PRODUCT_NAME = "$(TARGET_NAME)";
				SWIFT_EMIT_LOC_STRINGS = YES;
				SWIFT_VERSION = 5.0;
				TARGETED_DEVICE_FAMILY = "1,2";
			};
			name = Debug;
		};
		7FA320B328A3F8F40071D835 /* Release */ = {
			isa = XCBuildConfiguration;
			buildSettings = {
				ASSETCATALOG_COMPILER_APPICON_NAME = AppIcon;
				ASSETCATALOG_COMPILER_GLOBAL_ACCENT_COLOR_NAME = AccentColor;
				CODE_SIGN_STYLE = Automatic;
				CURRENT_PROJECT_VERSION = 1;
				DEVELOPMENT_ASSET_PATHS = "\"workout_tracker/Preview Content\"";
				DEVELOPMENT_TEAM = PCJW34NLVX;
				ENABLE_PREVIEWS = YES;
				GENERATE_INFOPLIST_FILE = YES;
				INFOPLIST_KEY_UIApplicationSceneManifest_Generation = YES;
				INFOPLIST_KEY_UIApplicationSupportsIndirectInputEvents = YES;
				INFOPLIST_KEY_UILaunchScreen_Generation = YES;
				INFOPLIST_KEY_UISupportedInterfaceOrientations_iPad = "UIInterfaceOrientationPortrait UIInterfaceOrientationPortraitUpsideDown UIInterfaceOrientationLandscapeLeft UIInterfaceOrientationLandscapeRight";
				INFOPLIST_KEY_UISupportedInterfaceOrientations_iPhone = "UIInterfaceOrientationPortrait UIInterfaceOrientationLandscapeLeft UIInterfaceOrientationLandscapeRight";
				LD_RUNPATH_SEARCH_PATHS = (
					"$(inherited)",
					"@executable_path/Frameworks",
				);
				MARKETING_VERSION = 1.0;
				PRODUCT_BUNDLE_IDENTIFIER = "com.rsam.workout-tracker";
				PRODUCT_NAME = "$(TARGET_NAME)";
				SWIFT_EMIT_LOC_STRINGS = YES;
				SWIFT_VERSION = 5.0;
				TARGETED_DEVICE_FAMILY = "1,2";
			};
			name = Release;
		};
		7FA320B528A3F8F40071D835 /* Debug */ = {
			isa = XCBuildConfiguration;
			buildSettings = {
				ALWAYS_EMBED_SWIFT_STANDARD_LIBRARIES = YES;
				BUNDLE_LOADER = "$(TEST_HOST)";
				CODE_SIGN_STYLE = Automatic;
				CURRENT_PROJECT_VERSION = 1;
				DEVELOPMENT_TEAM = PCJW34NLVX;
				GENERATE_INFOPLIST_FILE = YES;
				IPHONEOS_DEPLOYMENT_TARGET = 15.5;
				MARKETING_VERSION = 1.0;
				PRODUCT_BUNDLE_IDENTIFIER = "com.rsam.workout-trackerTests";
				PRODUCT_NAME = "$(TARGET_NAME)";
				SWIFT_EMIT_LOC_STRINGS = NO;
				SWIFT_VERSION = 5.0;
				TARGETED_DEVICE_FAMILY = "1,2";
				TEST_HOST = "$(BUILT_PRODUCTS_DIR)/workout_tracker.app/workout_tracker";
			};
			name = Debug;
		};
		7FA320B628A3F8F40071D835 /* Release */ = {
			isa = XCBuildConfiguration;
			buildSettings = {
				ALWAYS_EMBED_SWIFT_STANDARD_LIBRARIES = YES;
				BUNDLE_LOADER = "$(TEST_HOST)";
				CODE_SIGN_STYLE = Automatic;
				CURRENT_PROJECT_VERSION = 1;
				DEVELOPMENT_TEAM = PCJW34NLVX;
				GENERATE_INFOPLIST_FILE = YES;
				IPHONEOS_DEPLOYMENT_TARGET = 15.5;
				MARKETING_VERSION = 1.0;
				PRODUCT_BUNDLE_IDENTIFIER = "com.rsam.workout-trackerTests";
				PRODUCT_NAME = "$(TARGET_NAME)";
				SWIFT_EMIT_LOC_STRINGS = NO;
				SWIFT_VERSION = 5.0;
				TARGETED_DEVICE_FAMILY = "1,2";
				TEST_HOST = "$(BUILT_PRODUCTS_DIR)/workout_tracker.app/workout_tracker";
			};
			name = Release;
		};
		7FA320B828A3F8F40071D835 /* Debug */ = {
			isa = XCBuildConfiguration;
			buildSettings = {
				ALWAYS_EMBED_SWIFT_STANDARD_LIBRARIES = YES;
				CODE_SIGN_STYLE = Automatic;
				CURRENT_PROJECT_VERSION = 1;
				DEVELOPMENT_TEAM = PCJW34NLVX;
				GENERATE_INFOPLIST_FILE = YES;
				MARKETING_VERSION = 1.0;
				PRODUCT_BUNDLE_IDENTIFIER = "com.rsam.workout-trackerUITests";
				PRODUCT_NAME = "$(TARGET_NAME)";
				SWIFT_EMIT_LOC_STRINGS = NO;
				SWIFT_VERSION = 5.0;
				TARGETED_DEVICE_FAMILY = "1,2";
				TEST_TARGET_NAME = workout_tracker;
			};
			name = Debug;
		};
		7FA320B928A3F8F40071D835 /* Release */ = {
			isa = XCBuildConfiguration;
			buildSettings = {
				ALWAYS_EMBED_SWIFT_STANDARD_LIBRARIES = YES;
				CODE_SIGN_STYLE = Automatic;
				CURRENT_PROJECT_VERSION = 1;
				DEVELOPMENT_TEAM = PCJW34NLVX;
				GENERATE_INFOPLIST_FILE = YES;
				MARKETING_VERSION = 1.0;
				PRODUCT_BUNDLE_IDENTIFIER = "com.rsam.workout-trackerUITests";
				PRODUCT_NAME = "$(TARGET_NAME)";
				SWIFT_EMIT_LOC_STRINGS = NO;
				SWIFT_VERSION = 5.0;
				TARGETED_DEVICE_FAMILY = "1,2";
				TEST_TARGET_NAME = workout_tracker;
			};
			name = Release;
		};
/* End XCBuildConfiguration section */

/* Begin XCConfigurationList section */
		7FA3208828A3F8F30071D835 /* Build configuration list for PBXProject "workout_tracker" */ = {
			isa = XCConfigurationList;
			buildConfigurations = (
				7FA320AF28A3F8F40071D835 /* Debug */,
				7FA320B028A3F8F40071D835 /* Release */,
			);
			defaultConfigurationIsVisible = 0;
			defaultConfigurationName = Release;
		};
		7FA320B128A3F8F40071D835 /* Build configuration list for PBXNativeTarget "workout_tracker" */ = {
			isa = XCConfigurationList;
			buildConfigurations = (
				7FA320B228A3F8F40071D835 /* Debug */,
				7FA320B328A3F8F40071D835 /* Release */,
			);
			defaultConfigurationIsVisible = 0;
			defaultConfigurationName = Release;
		};
		7FA320B428A3F8F40071D835 /* Build configuration list for PBXNativeTarget "workout_trackerTests" */ = {
			isa = XCConfigurationList;
			buildConfigurations = (
				7FA320B528A3F8F40071D835 /* Debug */,
				7FA320B628A3F8F40071D835 /* Release */,
			);
			defaultConfigurationIsVisible = 0;
			defaultConfigurationName = Release;
		};
		7FA320B728A3F8F40071D835 /* Build configuration list for PBXNativeTarget "workout_trackerUITests" */ = {
			isa = XCConfigurationList;
			buildConfigurations = (
				7FA320B828A3F8F40071D835 /* Debug */,
				7FA320B928A3F8F40071D835 /* Release */,
			);
			defaultConfigurationIsVisible = 0;
			defaultConfigurationName = Release;
		};
/* End XCConfigurationList section */

/* Begin XCRemoteSwiftPackageReference section */
		7F02754728A6ED2B009536CF /* XCRemoteSwiftPackageReference "firebase-ios-sdk" */ = {
			isa = XCRemoteSwiftPackageReference;
			repositoryURL = "https://github.com/firebase/firebase-ios-sdk";
			requirement = {
				branch = master;
				kind = branch;
			};
		};
/* End XCRemoteSwiftPackageReference section */

/* Begin XCSwiftPackageProductDependency section */
		7F02754828A6ED2B009536CF /* FirebaseAuth */ = {
			isa = XCSwiftPackageProductDependency;
			package = 7F02754728A6ED2B009536CF /* XCRemoteSwiftPackageReference "firebase-ios-sdk" */;
			productName = FirebaseAuth;
		};
		7F02754A28A6ED2B009536CF /* FirebaseFirestore */ = {
			isa = XCSwiftPackageProductDependency;
			package = 7F02754728A6ED2B009536CF /* XCRemoteSwiftPackageReference "firebase-ios-sdk" */;
			productName = FirebaseFirestore;
		};
		7F02754C28A6ED2B009536CF /* FirebaseFirestoreSwift */ = {
			isa = XCSwiftPackageProductDependency;
			package = 7F02754728A6ED2B009536CF /* XCRemoteSwiftPackageReference "firebase-ios-sdk" */;
			productName = FirebaseFirestoreSwift;
		};
/* End XCSwiftPackageProductDependency section */
	};
	rootObject = 7FA3208528A3F8F30071D835 /* Project object */;
}
